{
    "version": 3,
    "terraform_version": "0.11.10",
    "serial": 175,
    "lineage": "32f60948-a90e-14ee-080d-dc571bf9f380",
    "modules": [
        {
            "path": [
                "root"
            ],
            "outputs": {
                "icp_default_admin_password": {
                    "sensitive": false,
                    "type": "string",
                    "value": "S3cure-icp-admin-passw0rd-default"
                },
                "icp_master_vm_ip": {
                    "sensitive": false,
                    "type": "string",
                    "value": "10.56.0.90"
                },
                "icp_worker_vm_ips": {
                    "sensitive": false,
                    "type": "list",
                    "value": [
                        "10.56.0.53"
                    ]
                }
            },
            "resources": {
                "data.template_file.bootstrap_init": {
                    "type": "template_file",
                    "depends_on": [],
                    "primary": {
                        "id": "ad10413faa9da3dec049b3b7807ac97e2dbede62d17bd997e4eb340d547f1ec5",
                        "attributes": {
                            "id": "ad10413faa9da3dec049b3b7807ac97e2dbede62d17bd997e4eb340d547f1ec5",
                            "rendered": "#!/bin/bash\n\n################################################################\n# Module to deploy IBM Cloud Private\n#\n# Licensed under the Apache License, Version 2.0 (the \"License\");\n# you may not use this file except in compliance with the License.\n# You may obtain a copy of the License at\n#\n#    http://www.apache.org/licenses/LICENSE-2.0\n#\n# Unless required by applicable law or agreed to in writing, software\n# distributed under the License is distributed on an “AS IS” BASIS,\n# WITHOUT WARRANTIES OR CONDITIONS OF ANY KIND, either express or implied.\n# See the License for the specific language governing permissions and\n# limitations under the License.\n#\n# Licensed Materials - Property of IBM\n#\n# Copyright (C) 2019 IBM Corporation\n#\n# Yussuf Shaikh \u003cyussuf@us.ibm.com\u003e - Initial implementation.\n#\n################################################################\n\n# Allow SMT levels to be set for the master node\nif [ \"ppc64le\" == \"ppc64le\" ] \u0026\u0026 [ ! -z \"\" ] \u0026\u0026 [ -f /usr/sbin/ppc64_cpu ]; then\n    /usr/sbin/ppc64_cpu --smt=\n    cat \u003e\u003e /etc/systemd/system/smt.service \u003c\u003cEOL\n[Unit]\nDescription=Set SMT\nAfter=syslog.target\n[Service]\nType=simple\nExecStart=/usr/sbin/ppc64_cpu --smt=\nTimeoutSec=300\n[Install]\nWantedBy=multi-user.target\nEOL\n    /bin/systemctl daemon-reload\n    /bin/systemctl enable smt.service\nfi\n\n# Enable NTP\n/usr/bin/timedatectl set-ntp on\n# Need to set vm.max_map_count to at least 262144\n/sbin/sysctl -w vm.max_map_count=262144\n/bin/echo \"vm.max_map_count=262144\" | /usr/bin/tee -a /etc/sysctl.conf\n\nif [ -f /etc/redhat-release ]; then\n    # Disable the firewall\n    systemctl stop firewalld\n    systemctl disable firewalld\n    # Make sure we're not running some old version of docker\n    yum -y remove docker docker-engine docker.io\n    yum -y install socat moreutils\n    # Either install the icp docker version or from the repo\n    if [ ! -z  ]; then\n        TMP_DIR=\"$(/bin/mktemp -d)\"\n        cd \"$TMP_DIR\"\n        /usr/bin/wget -q \"\"\n        chmod +x *\n        ./*.bin --install\n        /bin/rm -rf \"$TMP_DIR\"\n    else\n        yum -y install docker-ce\n    fi\n    systemctl start docker\nelif [ -f /etc/SuSE-release ]; then\n    systemctl stop SuSEfirewall2\n    systemctl disable SuSEfirewall2\n    zypper -n remove docker docker-engine docker.io\n    zypper -n install socat moreutils\n    if [ ! -z  ]; then\n        TMP_DIR=\"$(/bin/mktemp -d)\"\n        cd \"$TMP_DIR\"\n        /usr/bin/wget -q \"\"\n        chmod +x *\n        ./*.bin --install\n        /bin/rm -rf \"$TMP_DIR\"\n    else\n        zypper -n install docker\n    fi\n    systemctl start docker\nelse\n    /usr/sbin/ufw disable\n    # Prepare the system for updates, install Docker and install Python\n    /usr/bin/apt update\n    # We'll use docker-ce (vs docker.io as ce/ee is what is supported by ICP)\n    /usr/bin/apt-get --assume-yes purge docker\n    /usr/bin/apt-get --assume-yes purge docker-engine\n    /usr/bin/apt-get --assume-yes purge docker.io\n    /usr/bin/apt-get --assume-yes install apt-transport-https moreutils\\\n    ca-certificates curl software-properties-common python python-pip\n    if [ ! -z  ]; then\n        TMP_DIR=\"$(/bin/mktemp -d)\"\n        cd \"$TMP_DIR\"\n        /usr/bin/wget -q \"\"\n        chmod +x *\n        ./*.bin --install\n        /bin/rm -rf \"$TMP_DIR\"\n    else\n        # Add Docker GPG key\n        curl -fsSL https://download.docker.com/linux/ubuntu/gpg | sudo apt-key add -\n        # Add the repo\n        /usr/bin/add-apt-repository \\\n        \"deb https://download.docker.com/linux/ubuntu \\\n         $(lsb_release -cs) stable\"\n        /usr/bin/apt update\n        /usr/bin/apt-get --assume-yes install docker-ce\n    fi\nfi\n\ntouch /tmp/CLOUDINIT_DONE\n\nexit 0\n",
                            "template": "#!/bin/bash\n\n################################################################\n# Module to deploy IBM Cloud Private\n#\n# Licensed under the Apache License, Version 2.0 (the \"License\");\n# you may not use this file except in compliance with the License.\n# You may obtain a copy of the License at\n#\n#    http://www.apache.org/licenses/LICENSE-2.0\n#\n# Unless required by applicable law or agreed to in writing, software\n# distributed under the License is distributed on an “AS IS” BASIS,\n# WITHOUT WARRANTIES OR CONDITIONS OF ANY KIND, either express or implied.\n# See the License for the specific language governing permissions and\n# limitations under the License.\n#\n# Licensed Materials - Property of IBM\n#\n# Copyright (C) 2019 IBM Corporation\n#\n# Yussuf Shaikh \u003cyussuf@us.ibm.com\u003e - Initial implementation.\n#\n################################################################\n\n# Allow SMT levels to be set for the master node\nif [ \"${icp_architecture}\" == \"ppc64le\" ] \u0026\u0026 [ ! -z \"${smt_value_master}\" ] \u0026\u0026 [ -f /usr/sbin/ppc64_cpu ]; then\n    /usr/sbin/ppc64_cpu --smt=${smt_value_master}\n    cat \u003e\u003e /etc/systemd/system/smt.service \u003c\u003cEOL\n[Unit]\nDescription=Set SMT\nAfter=syslog.target\n[Service]\nType=simple\nExecStart=/usr/sbin/ppc64_cpu --smt=${smt_value_master}\nTimeoutSec=300\n[Install]\nWantedBy=multi-user.target\nEOL\n    /bin/systemctl daemon-reload\n    /bin/systemctl enable smt.service\nfi\n\n# Enable NTP\n/usr/bin/timedatectl set-ntp on\n# Need to set vm.max_map_count to at least 262144\n/sbin/sysctl -w vm.max_map_count=262144\n/bin/echo \"vm.max_map_count=262144\" | /usr/bin/tee -a /etc/sysctl.conf\n\nif [ -f /etc/redhat-release ]; then\n    # Disable the firewall\n    systemctl stop firewalld\n    systemctl disable firewalld\n    # Make sure we're not running some old version of docker\n    yum -y remove docker docker-engine docker.io\n    yum -y install socat moreutils\n    # Either install the icp docker version or from the repo\n    if [ ! -z ${docker_download_location} ]; then\n        TMP_DIR=\"$(/bin/mktemp -d)\"\n        cd \"$TMP_DIR\"\n        /usr/bin/wget -q \"${docker_download_location}\"\n        chmod +x *\n        ./*.bin --install\n        /bin/rm -rf \"$TMP_DIR\"\n    else\n        yum -y install docker-ce\n    fi\n    systemctl start docker\nelif [ -f /etc/SuSE-release ]; then\n    systemctl stop SuSEfirewall2\n    systemctl disable SuSEfirewall2\n    zypper -n remove docker docker-engine docker.io\n    zypper -n install socat moreutils\n    if [ ! -z ${docker_download_location} ]; then\n        TMP_DIR=\"$(/bin/mktemp -d)\"\n        cd \"$TMP_DIR\"\n        /usr/bin/wget -q \"${docker_download_location}\"\n        chmod +x *\n        ./*.bin --install\n        /bin/rm -rf \"$TMP_DIR\"\n    else\n        zypper -n install docker\n    fi\n    systemctl start docker\nelse\n    /usr/sbin/ufw disable\n    # Prepare the system for updates, install Docker and install Python\n    /usr/bin/apt update\n    # We'll use docker-ce (vs docker.io as ce/ee is what is supported by ICP)\n    /usr/bin/apt-get --assume-yes purge docker\n    /usr/bin/apt-get --assume-yes purge docker-engine\n    /usr/bin/apt-get --assume-yes purge docker.io\n    /usr/bin/apt-get --assume-yes install apt-transport-https moreutils\\\n    ca-certificates curl software-properties-common python python-pip\n    if [ ! -z ${docker_download_location} ]; then\n        TMP_DIR=\"$(/bin/mktemp -d)\"\n        cd \"$TMP_DIR\"\n        /usr/bin/wget -q \"${docker_download_location}\"\n        chmod +x *\n        ./*.bin --install\n        /bin/rm -rf \"$TMP_DIR\"\n    else\n        # Add Docker GPG key\n        curl -fsSL https://download.docker.com/linux/ubuntu/gpg | sudo apt-key add -\n        # Add the repo\n        /usr/bin/add-apt-repository \\\n        \"deb https://download.docker.com/linux/ubuntu \\\n         $(lsb_release -cs) stable\"\n        /usr/bin/apt update\n        /usr/bin/apt-get --assume-yes install docker-ce\n    fi\nfi\n\ntouch /tmp/CLOUDINIT_DONE\n\nexit 0\n",
                            "vars.%": "3",
                            "vars.docker_download_location": "",
                            "vars.icp_architecture": "ppc64le",
                            "vars.smt_value_master": ""
                        },
                        "meta": {},
                        "tainted": false
                    },
                    "deposed": [],
                    "provider": "provider.template"
                },
                "data.template_file.bootstrap_worker": {
                    "type": "template_file",
                    "depends_on": [],
                    "primary": {
                        "id": "64546be5c289c86dfbff0a9f178a2fdae48735abe2ff8b1daa269efb939c7915",
                        "attributes": {
                            "id": "64546be5c289c86dfbff0a9f178a2fdae48735abe2ff8b1daa269efb939c7915",
                            "rendered": "#!/bin/bash\n\n################################################################\n# Module to deploy IBM Cloud Private\n#\n# Licensed under the Apache License, Version 2.0 (the \"License\");\n# you may not use this file except in compliance with the License.\n# You may obtain a copy of the License at\n#\n#    http://www.apache.org/licenses/LICENSE-2.0\n#\n# Unless required by applicable law or agreed to in writing, software\n# distributed under the License is distributed on an “AS IS” BASIS,\n# WITHOUT WARRANTIES OR CONDITIONS OF ANY KIND, either express or implied.\n# See the License for the specific language governing permissions and\n# limitations under the License.\n#\n# Licensed Materials - Property of IBM\n#\n# Copyright (C) 2019 IBM Corporation\n#\n# Yussuf Shaikh \u003cyussuf@us.ibm.com\u003e - Initial implementation.\n#\n################################################################\n\n# Enable NTP\n/usr/bin/timedatectl set-ntp on\n# Need to set vm.max_map_count to at least 262144\n/sbin/sysctl -w vm.max_map_count=262144\n/bin/echo \"vm.max_map_count=262144\" | /usr/bin/tee -a /etc/sysctl.conf\n\nif [ -f /etc/redhat-release ]; then\n    # Disable the firewall\n    systemctl stop firewalld\n    systemctl disable firewalld\n    # Make sure we're not running some old version of docker\n    yum -y remove docker docker-engine docker.io\n    yum -y install moreutils\n    # Either install the icp docker version or from the repo\n    if [ ! -z  ]; then\n        TMP_DIR=\"$(/bin/mktemp -d)\"\n        cd \"$TMP_DIR\"\n        /usr/bin/wget -q \"\"\n        chmod +x *\n        ./*.bin --install\n        /bin/rm -rf \"$TMP_DIR\"\n    else\n        yum -y install docker-ce\n    fi\n    systemctl start docker\nelif [ -f /etc/SuSE-release ]; then\n    systemctl stop SuSEfirewall2\n    systemctl disable SuSEfirewall2\n    zypper -n remove docker docker-engine docker.io\n    zypper -n install moreutils\n    if [ ! -z  ]; then\n        TMP_DIR=\"$(/bin/mktemp -d)\"\n        cd \"$TMP_DIR\"\n        /usr/bin/wget -q \"\"\n        chmod +x *\n        ./*.bin --install\n        /bin/rm -rf \"$TMP_DIR\"\n    else\n        zypper -n install docker\n    fi\n    systemctl start docker\nelse\n    /usr/sbin/ufw disable\n    # Prepare the system for updates, install Docker and install Python\n    /usr/bin/apt update\n    # We'll use docker-ce (vs docker.io as ce/ee is what is supported by ICP)\n    /usr/bin/apt-get --assume-yes purge docker\n    /usr/bin/apt-get --assume-yes purge docker-engine\n    /usr/bin/apt-get --assume-yes purge docker.io\n    /usr/bin/apt-get --assume-yes install apt-transport-https moreutils\\\n    ca-certificates curl software-properties-common python python-pip\n    if [ ! -z  ]; then\n        TMP_DIR=\"$(/bin/mktemp -d)\"\n        cd \"$TMP_DIR\"\n        /usr/bin/wget -q \"\"\n        chmod +x *\n        ./*.bin --install\n        /bin/rm -rf \"$TMP_DIR\"\n    else\n        # Add Docker GPG key\n        curl -fsSL https://download.docker.com/linux/ubuntu/gpg | sudo apt-key add -\n        # Add the repo\n        /usr/bin/add-apt-repository \\\n        \"deb https://download.docker.com/linux/ubuntu \\\n         $(lsb_release -cs) stable\"\n        /usr/bin/apt update\n        /usr/bin/apt-get --assume-yes install docker-ce\n    fi\nfi\n\ntouch /tmp/CLOUDINIT_DONE\n\nexit 0\n",
                            "template": "#!/bin/bash\n\n################################################################\n# Module to deploy IBM Cloud Private\n#\n# Licensed under the Apache License, Version 2.0 (the \"License\");\n# you may not use this file except in compliance with the License.\n# You may obtain a copy of the License at\n#\n#    http://www.apache.org/licenses/LICENSE-2.0\n#\n# Unless required by applicable law or agreed to in writing, software\n# distributed under the License is distributed on an “AS IS” BASIS,\n# WITHOUT WARRANTIES OR CONDITIONS OF ANY KIND, either express or implied.\n# See the License for the specific language governing permissions and\n# limitations under the License.\n#\n# Licensed Materials - Property of IBM\n#\n# Copyright (C) 2019 IBM Corporation\n#\n# Yussuf Shaikh \u003cyussuf@us.ibm.com\u003e - Initial implementation.\n#\n################################################################\n\n# Enable NTP\n/usr/bin/timedatectl set-ntp on\n# Need to set vm.max_map_count to at least 262144\n/sbin/sysctl -w vm.max_map_count=262144\n/bin/echo \"vm.max_map_count=262144\" | /usr/bin/tee -a /etc/sysctl.conf\n\nif [ -f /etc/redhat-release ]; then\n    # Disable the firewall\n    systemctl stop firewalld\n    systemctl disable firewalld\n    # Make sure we're not running some old version of docker\n    yum -y remove docker docker-engine docker.io\n    yum -y install moreutils\n    # Either install the icp docker version or from the repo\n    if [ ! -z ${docker_download_location} ]; then\n        TMP_DIR=\"$(/bin/mktemp -d)\"\n        cd \"$TMP_DIR\"\n        /usr/bin/wget -q \"${docker_download_location}\"\n        chmod +x *\n        ./*.bin --install\n        /bin/rm -rf \"$TMP_DIR\"\n    else\n        yum -y install docker-ce\n    fi\n    systemctl start docker\nelif [ -f /etc/SuSE-release ]; then\n    systemctl stop SuSEfirewall2\n    systemctl disable SuSEfirewall2\n    zypper -n remove docker docker-engine docker.io\n    zypper -n install moreutils\n    if [ ! -z ${docker_download_location} ]; then\n        TMP_DIR=\"$(/bin/mktemp -d)\"\n        cd \"$TMP_DIR\"\n        /usr/bin/wget -q \"${docker_download_location}\"\n        chmod +x *\n        ./*.bin --install\n        /bin/rm -rf \"$TMP_DIR\"\n    else\n        zypper -n install docker\n    fi\n    systemctl start docker\nelse\n    /usr/sbin/ufw disable\n    # Prepare the system for updates, install Docker and install Python\n    /usr/bin/apt update\n    # We'll use docker-ce (vs docker.io as ce/ee is what is supported by ICP)\n    /usr/bin/apt-get --assume-yes purge docker\n    /usr/bin/apt-get --assume-yes purge docker-engine\n    /usr/bin/apt-get --assume-yes purge docker.io\n    /usr/bin/apt-get --assume-yes install apt-transport-https moreutils\\\n    ca-certificates curl software-properties-common python python-pip\n    if [ ! -z ${docker_download_location} ]; then\n        TMP_DIR=\"$(/bin/mktemp -d)\"\n        cd \"$TMP_DIR\"\n        /usr/bin/wget -q \"${docker_download_location}\"\n        chmod +x *\n        ./*.bin --install\n        /bin/rm -rf \"$TMP_DIR\"\n    else\n        # Add Docker GPG key\n        curl -fsSL https://download.docker.com/linux/ubuntu/gpg | sudo apt-key add -\n        # Add the repo\n        /usr/bin/add-apt-repository \\\n        \"deb https://download.docker.com/linux/ubuntu \\\n         $(lsb_release -cs) stable\"\n        /usr/bin/apt update\n        /usr/bin/apt-get --assume-yes install docker-ce\n    fi\nfi\n\ntouch /tmp/CLOUDINIT_DONE\n\nexit 0\n",
                            "vars.%": "1",
                            "vars.docker_download_location": ""
                        },
                        "meta": {},
                        "tainted": false
                    },
                    "deposed": [],
                    "provider": "provider.template"
                },
                "null_resource.wait_for_master": {
                    "type": "null_resource",
                    "depends_on": [
                        "openstack_compute_floatingip_associate_v2.master_pub_ip",
                        "openstack_compute_instance_v2.icp_master_vm"
                    ],
                    "primary": {
                        "id": "5003848899071540963",
                        "attributes": {
                            "id": "5003848899071540963"
                        },
                        "meta": {},
                        "tainted": false
                    },
                    "deposed": [],
                    "provider": "provider.null"
                },
                "openstack_compute_floatingip_associate_v2.master_pub_ip": {
                    "type": "openstack_compute_floatingip_associate_v2",
                    "depends_on": [
                        "openstack_compute_instance_v2.icp_master_vm.*",
                        "openstack_networking_floatingip_v2.master_pub_ip.*"
                    ],
                    "primary": {
                        "id": "9.20.204.151/85923446-512a-453d-a149-a65276201344/",
                        "attributes": {
                            "fixed_ip": "",
                            "floating_ip": "9.20.204.151",
                            "id": "9.20.204.151/85923446-512a-453d-a149-a65276201344/",
                            "instance_id": "85923446-512a-453d-a149-a65276201344",
                            "region": ""
                        },
                        "meta": {
                            "e2bfb730-ecaa-11e6-8f88-34363bc7c4c0": {
                                "create": 600000000000
                            }
                        },
                        "tainted": false
                    },
                    "deposed": [],
                    "provider": "provider.openstack"
                },
                "openstack_compute_instance_v2.icp_master_vm": {
                    "type": "openstack_compute_instance_v2",
                    "depends_on": [
                        "data.template_file.bootstrap_init",
                        "openstack_compute_keypair_v2.icp-key-pair",
                        "random_id.rand"
                    ],
                    "primary": {
                        "id": "85923446-512a-453d-a149-a65276201344",
                        "attributes": {
                            "access_ip_v4": "10.56.0.90",
                            "access_ip_v6": "",
                            "all_metadata.%": "1",
                            "all_metadata.DNS Name": "yussuf-mcm-master-7f0c.blueridgegroup-p.hur.hdclab.intranet.ibm.com",
                            "availability_zone": "PowerKVM",
                            "flavor_id": "7477eac4-55be-42d8-8c4c-19316e608dad",
                            "flavor_name": "brg-xxlarge",
                            "force_delete": "false",
                            "id": "85923446-512a-453d-a149-a65276201344",
                            "image_id": "bd1aa2a1-188f-45ed-b1ba-17cc9182e714",
                            "image_name": "PKVM-Ubt16.04-Srv-ppc64le",
                            "key_pair": "terraform-icp-key-pair-7f0c",
                            "name": "yussuf-mcm-master-7f0c",
                            "network.#": "1",
                            "network.0.access_network": "false",
                            "network.0.fixed_ip_v4": "10.56.0.90",
                            "network.0.fixed_ip_v6": "",
                            "network.0.floating_ip": "",
                            "network.0.mac": "fa:16:3e:f2:a6:6e",
                            "network.0.name": "BlueRidgeGroup-P_Network",
                            "network.0.port": "",
                            "network.0.uuid": "201f6097-9b14-4c12-8a67-9d86b3b9313b",
                            "power_state": "active",
                            "region": "",
                            "security_groups.#": "2",
                            "security_groups.1347366123": "icp-rules",
                            "security_groups.3814588639": "default",
                            "stop_before_destroy": "false",
                            "user_data": "05beda4c6bfca92ff79e2c5b3194aa0d907576d1"
                        },
                        "meta": {
                            "e2bfb730-ecaa-11e6-8f88-34363bc7c4c0": {
                                "create": 1800000000000,
                                "delete": 1800000000000,
                                "update": 1800000000000
                            }
                        },
                        "tainted": false
                    },
                    "deposed": [],
                    "provider": "provider.openstack"
                },
                "openstack_compute_instance_v2.icp_worker_vm": {
                    "type": "openstack_compute_instance_v2",
                    "depends_on": [
                        "data.template_file.bootstrap_worker",
                        "null_resource.wait_for_master",
                        "openstack_compute_floatingip_associate_v2.master_pub_ip",
                        "openstack_compute_keypair_v2.icp-key-pair",
                        "random_id.rand"
                    ],
                    "primary": {
                        "id": "a952a2f6-bf81-45af-833c-133e578e8086",
                        "attributes": {
                            "access_ip_v4": "10.56.0.53",
                            "access_ip_v6": "",
                            "all_metadata.%": "0",
                            "availability_zone": "PowerKVM",
                            "flavor_id": "5",
                            "flavor_name": "m1.xlarge",
                            "force_delete": "false",
                            "id": "a952a2f6-bf81-45af-833c-133e578e8086",
                            "image_id": "bd1aa2a1-188f-45ed-b1ba-17cc9182e714",
                            "image_name": "PKVM-Ubt16.04-Srv-ppc64le",
                            "key_pair": "terraform-icp-key-pair-7f0c",
                            "name": "yussuf-mcm-worker-7f0c-01",
                            "network.#": "1",
                            "network.0.access_network": "false",
                            "network.0.fixed_ip_v4": "10.56.0.53",
                            "network.0.fixed_ip_v6": "",
                            "network.0.floating_ip": "",
                            "network.0.mac": "fa:16:3e:bb:ff:40",
                            "network.0.name": "BlueRidgeGroup-P_Network",
                            "network.0.port": "",
                            "network.0.uuid": "201f6097-9b14-4c12-8a67-9d86b3b9313b",
                            "power_state": "active",
                            "region": "",
                            "security_groups.#": "2",
                            "security_groups.1347366123": "icp-rules",
                            "security_groups.3814588639": "default",
                            "stop_before_destroy": "false",
                            "user_data": "8920865ef201dd9452dccba0713b74540c34d40d"
                        },
                        "meta": {
                            "e2bfb730-ecaa-11e6-8f88-34363bc7c4c0": {
                                "create": 1800000000000,
                                "delete": 1800000000000,
                                "update": 1800000000000
                            }
                        },
                        "tainted": false
                    },
                    "deposed": [],
                    "provider": "provider.openstack"
                },
                "openstack_compute_keypair_v2.icp-key-pair": {
                    "type": "openstack_compute_keypair_v2",
                    "depends_on": [
                        "random_id.rand"
                    ],
                    "primary": {
                        "id": "terraform-icp-key-pair-7f0c",
                        "attributes": {
                            "fingerprint": "06:c3:ec:0f:15:0e:c4:31:9d:73:d1:07:05:ca:cd:68",
                            "id": "terraform-icp-key-pair-7f0c",
                            "name": "terraform-icp-key-pair-7f0c",
                            "private_key": "",
                            "public_key": "ssh-rsa AAAAB3NzaC1yc2EAAAADAQABAAABAQDYsu4A0p2sMH/7xZAszHrP5lGKkukwE75QF6OO5GHqSdiwTKvF45XF08fR5wmNZV0TWDv+6OZ5goVHxVhzDc2U+mjoqu0h4bxM3oVihU1GtkMH7GhG2erxtze0Ee2Elt68zuYQRmvCw493FxsKz1B+e5ToY9SbdcoarPhsGuo5aVYz/J5GAwBxSbJxkLKycJrrQKxAAiLTT6Ht3BtrxqI7e6/hTGVK+ZTRA2pic0L3k0SLfYCRPRcORaMoopHuH5g1Zttk2XWihwpcztg3JENSX0pSdZI1uLyMIwW2O2nHYY5UoMShgt4HxJMbowJ23Vr+Ed03nC7OuF6ms89WUqf3 root@yussuf-user\n",
                            "region": ""
                        },
                        "meta": {},
                        "tainted": false
                    },
                    "deposed": [],
                    "provider": "provider.openstack"
                },
                "openstack_networking_floatingip_v2.master_pub_ip": {
                    "type": "openstack_networking_floatingip_v2",
                    "depends_on": [],
                    "primary": {
                        "id": "25c1e0e3-f35f-4ffb-a383-542ce8979f21",
                        "attributes": {
                            "address": "9.20.204.151",
                            "all_tags.#": "0",
                            "description": "",
                            "fixed_ip": "10.56.0.90",
                            "id": "25c1e0e3-f35f-4ffb-a383-542ce8979f21",
                            "pool": "HDC_floating_ips",
                            "port_id": "34793d9f-dd3c-4db3-924e-5d6ff1a14d1d",
                            "region": "",
                            "tags.#": "0",
                            "tenant_id": "f997b7b568ee49b09a84ca32acdd6659"
                        },
                        "meta": {
                            "e2bfb730-ecaa-11e6-8f88-34363bc7c4c0": {
                                "create": 600000000000,
                                "delete": 600000000000
                            }
                        },
                        "tainted": false
                    },
                    "deposed": [],
                    "provider": "provider.openstack"
                },
                "random_id.rand": {
                    "type": "random_id",
                    "depends_on": [],
                    "primary": {
                        "id": "fww",
                        "attributes": {
                            "b64": "fww",
                            "b64_std": "fww=",
                            "b64_url": "fww",
                            "byte_length": "2",
                            "dec": "32524",
                            "hex": "7f0c",
                            "id": "fww"
                        },
                        "meta": {},
                        "tainted": false
                    },
                    "deposed": [],
                    "provider": "provider.random"
                }
            },
            "depends_on": []
        },
        {
            "path": [
                "root",
                "cam_install"
            ],
            "outputs": {},
            "resources": {
                "null_resource.cam_install": {
                    "type": "null_resource",
                    "depends_on": [
                        "null_resource.cam_install_wait"
                    ],
                    "primary": {
                        "id": "8734090593288608169",
                        "attributes": {
                            "id": "8734090593288608169"
                        },
                        "meta": {},
                        "tainted": false
                    },
                    "deposed": [],
                    "provider": "provider.null"
                },
                "null_resource.cam_install_wait": {
                    "type": "null_resource",
                    "depends_on": [],
                    "primary": {
                        "id": "1254225449031644155",
                        "attributes": {
                            "id": "1254225449031644155"
                        },
                        "meta": {},
                        "tainted": false
                    },
                    "deposed": [],
                    "provider": "provider.null"
                }
            },
            "depends_on": []
        },
        {
            "path": [
                "root",
                "icpprovision"
            ],
            "outputs": {
                "cluster_ips": {
                    "sensitive": false,
                    "type": "list",
                    "value": [
                        "10.56.0.90",
                        "10.56.0.53"
                    ]
                },
                "default_admin_password": {
                    "sensitive": false,
                    "type": "string",
                    "value": "S3cure-icp-admin-passw0rd-default"
                },
                "icp_private_key": {
                    "sensitive": false,
                    "type": "string",
                    "value": "-----BEGIN RSA PRIVATE KEY-----\nMIIEpAIBAAKCAQEA2LLuANKdrDB/+8WQLMx6z+ZRipLpMBO+UBejjuRh6knYsEyr\nxeOVxdPH0ecJjWVdE1g7/ujmeYKFR8VYcw3NlPpo6KrtIeG8TN6FYoVNRrZDB+xo\nRtnq8bc3tBHthJbevM7mEEZrwsOPdxcbCs9QfnuU6GPUm3XKGqz4bBrqOWlWM/ye\nRgMAcUmycZCysnCa60CsQAIi00+h7dwba8aiO3uv4UxlSvmU0QNqYnNC95NEi32A\nkT0XDkWjKKKR7h+YNWbbZNl1oocKXM7YNyRDUl9KUnWSNbi8jCMFtjtpx2GOVKDE\noYLeB8STG6MCdt1a/hHdN5wuzrheprPPVlKn9wIDAQABAoIBAAxeomFfpGp41kVr\n8J/uCDCn6A2t9yusZNezkb2NYd1626isp72DEUCapzRfKNduatK43aveZZGYFr2T\nEUp4Bj0z0hs97o1ZkmMc7KZED7Yynz7risRImjW0DLT1tQY1in9inBVfv7T9bsoQ\ngpWqYeDmcwiU8kTxg1jkeMXK/4XJV6OHP9Bib9UVC4u3xAI+p4hfkx42rptz4RdI\nlxkkGB8gvbX8EauxgNlHEKRihBLSFJQFuE7n9IJCp2lWB4QbeYQLexR31bO9fstr\n7HaSF4Jnrjae+9Ru29XqZDyRHfDysN9XoTWshvqF8kZI8EhmqPXGTvI0jzE13s9g\niTL0yekCgYEA7J3j91yCAlqcZiBqVC5yo8xKaMLrbzrY2A5sGjhWJ7+KtUIVqic+\nqaLX57Q/HZRZ55U06jycmxsS6aJfmQMh4OlEUBaRwRLlV6SkPbu+dVt1GxZoinoG\nRRijJN0r/U2/mHa39U0LkLxNjj3oFRFWGLC4RPUUFDZNVldpV0GFZtsCgYEA6nNX\nT7ASvEp8zloXz+emhp5fegrkJLPfG8YAx0Iji02N+HNu3jFEfwGPFTqLbrj1HDgp\nfzn9P4LBSeoSdwbX1MFs/Qqblwcquoa1zL6yGXptDO4YONaLGbdeECLxAXHbUVtP\nE4jm778MwnjquL//d6YEn2j0iidMKzFLYz6dKBUCgYEApp8Q1zHXg1zXYbtV5O3I\nYLwNcfRA4lToOkz9pwEg+mCRhs6Afw+fusknjMyK3YOIQ+H4HzKLfVX1XXywIQnp\no33gUx1xiiqKQct4tNguaGn87xQ6jbkcDTAqQl1VCszjLLP9GsokaMmRO6cwdRV+\nMWjQeg6zEwCiOTjYv08uZ50CgYABO/Q0ti+TEC1SBMVlUcndoY3NHauPyeadxdAR\nPHblb9YUfb8Sql268W4oZXOAdLbNnDoTsmFz6SNNWU8Zk06ljxMczeZ9yArgin8A\ngex8F9nlHIfCHNcEnqN/ID/2ivvllL540tqsXmwZxfsuV8xne9dAY5QN+iD7hTnp\nXtYC9QKBgQDA3y/EZSXWIfXNYLPX97Segym7pdaxOZO4gCIo32dt0BAi8F2tK4U1\nb4p3FDv3a/6u5JXgkReB3r1fVzQJJncXIiC7jbIsbG1FF92upZW0ufupdRmxz/PW\nuFnhj7ieuFnrS8uUfxEk5bUEkFPGye/aQEVBMCMdo2arWLz4ijyXjg==\n-----END RSA PRIVATE KEY-----\n"
                },
                "icp_public_key": {
                    "sensitive": false,
                    "type": "string",
                    "value": "ssh-rsa AAAAB3NzaC1yc2EAAAADAQABAAABAQDYsu4A0p2sMH/7xZAszHrP5lGKkukwE75QF6OO5GHqSdiwTKvF45XF08fR5wmNZV0TWDv+6OZ5goVHxVhzDc2U+mjoqu0h4bxM3oVihU1GtkMH7GhG2erxtze0Ee2Elt68zuYQRmvCw493FxsKz1B+e5ToY9SbdcoarPhsGuo5aVYz/J5GAwBxSbJxkLKycJrrQKxAAiLTT6Ht3BtrxqI7e6/hTGVK+ZTRA2pic0L3k0SLfYCRPRcORaMoopHuH5g1Zttk2XWihwpcztg3JENSX0pSdZI1uLyMIwW2O2nHYY5UoMShgt4HxJMbowJ23Vr+Ed03nC7OuF6ms89WUqf3 root@yussuf-user\n"
                },
                "icp_version": {
                    "sensitive": false,
                    "type": "string",
                    "value": "3.1.2"
                },
                "install_complete": {
                    "sensitive": false,
                    "type": "string",
                    "value": "true"
                }
            },
            "resources": {
                "null_resource.icp-boot": {
                    "type": "null_resource",
                    "depends_on": [
                        "local.boot-node",
                        "local.ssh_key",
                        "null_resource.icp-image"
                    ],
                    "primary": {
                        "id": "375139995384141162",
                        "attributes": {
                            "id": "375139995384141162"
                        },
                        "meta": {},
                        "tainted": false
                    },
                    "deposed": [],
                    "provider": "provider.null"
                },
                "null_resource.icp-boot-preconfig-stop-on-fail": {
                    "type": "null_resource",
                    "depends_on": [
                        "local.boot-node",
                        "local.ssh_key",
                        "null_resource.icp-cluster",
                        "null_resource.icp-cluster-postconfig-hook-continue-on-fail",
                        "null_resource.icp-cluster-postconfig-hook-stop-on-fail"
                    ],
                    "primary": {
                        "id": "6638267399890154431",
                        "attributes": {
                            "id": "6638267399890154431"
                        },
                        "meta": {},
                        "tainted": false
                    },
                    "deposed": [],
                    "provider": "provider.null"
                },
                "null_resource.icp-cluster-postconfig-hook-stop-on-fail.0": {
                    "type": "null_resource",
                    "depends_on": [
                        "local.icp-ips",
                        "local.ssh_key",
                        "null_resource.icp-cluster"
                    ],
                    "primary": {
                        "id": "472213051632296590",
                        "attributes": {
                            "id": "472213051632296590"
                        },
                        "meta": {},
                        "tainted": false
                    },
                    "deposed": [],
                    "provider": "provider.null"
                },
                "null_resource.icp-cluster-postconfig-hook-stop-on-fail.1": {
                    "type": "null_resource",
                    "depends_on": [
                        "local.icp-ips",
                        "local.ssh_key",
                        "null_resource.icp-cluster"
                    ],
                    "primary": {
                        "id": "5936601097564178235",
                        "attributes": {
                            "id": "5936601097564178235"
                        },
                        "meta": {},
                        "tainted": false
                    },
                    "deposed": [],
                    "provider": "provider.null"
                },
                "null_resource.icp-cluster-preconfig-hook-stop-on-fail.0": {
                    "type": "null_resource",
                    "depends_on": [
                        "local.icp-ips",
                        "local.ssh_key"
                    ],
                    "primary": {
                        "id": "5475091121833671184",
                        "attributes": {
                            "id": "5475091121833671184"
                        },
                        "meta": {},
                        "tainted": false
                    },
                    "deposed": [],
                    "provider": "provider.null"
                },
                "null_resource.icp-cluster-preconfig-hook-stop-on-fail.1": {
                    "type": "null_resource",
                    "depends_on": [
                        "local.icp-ips",
                        "local.ssh_key"
                    ],
                    "primary": {
                        "id": "3298221339190633979",
                        "attributes": {
                            "id": "3298221339190633979"
                        },
                        "meta": {},
                        "tainted": false
                    },
                    "deposed": [],
                    "provider": "provider.null"
                },
                "null_resource.icp-cluster.0": {
                    "type": "null_resource",
                    "depends_on": [
                        "local.icp-ips",
                        "local.ssh_key",
                        "null_resource.icp-cluster-preconfig-hook-continue-on-fail",
                        "null_resource.icp-cluster-preconfig-hook-stop-on-fail",
                        "tls_private_key.icpkey"
                    ],
                    "primary": {
                        "id": "6427343883971246556",
                        "attributes": {
                            "id": "6427343883971246556"
                        },
                        "meta": {},
                        "tainted": false
                    },
                    "deposed": [],
                    "provider": "provider.null"
                },
                "null_resource.icp-cluster.1": {
                    "type": "null_resource",
                    "depends_on": [
                        "local.icp-ips",
                        "local.ssh_key",
                        "null_resource.icp-cluster-preconfig-hook-continue-on-fail",
                        "null_resource.icp-cluster-preconfig-hook-stop-on-fail",
                        "tls_private_key.icpkey"
                    ],
                    "primary": {
                        "id": "4445162447467695556",
                        "attributes": {
                            "id": "4445162447467695556"
                        },
                        "meta": {},
                        "tainted": false
                    },
                    "deposed": [],
                    "provider": "provider.null"
                },
                "null_resource.icp-config": {
                    "type": "null_resource",
                    "depends_on": [
                        "local.boot-node",
                        "local.ssh_key",
                        "null_resource.icp-boot",
                        "random_string.generated_password",
                        "tls_private_key.icpkey"
                    ],
                    "primary": {
                        "id": "5501735269608712618",
                        "attributes": {
                            "id": "5501735269608712618"
                        },
                        "meta": {},
                        "tainted": false
                    },
                    "deposed": [],
                    "provider": "provider.null"
                },
                "null_resource.icp-docker": {
                    "type": "null_resource",
                    "depends_on": [
                        "local.icp-ips",
                        "local.ssh_key",
                        "null_resource.icp-boot-preconfig-continue-on-fail",
                        "null_resource.icp-boot-preconfig-stop-on-fail",
                        "null_resource.icp-cluster"
                    ],
                    "primary": {
                        "id": "6900656008774468141",
                        "attributes": {
                            "id": "6900656008774468141"
                        },
                        "meta": {},
                        "tainted": false
                    },
                    "deposed": [],
                    "provider": "provider.null"
                },
                "null_resource.icp-generate-hosts-files": {
                    "type": "null_resource",
                    "depends_on": [
                        "local.boot-node",
                        "local.ssh_key",
                        "null_resource.icp-config"
                    ],
                    "primary": {
                        "id": "3122258640703695126",
                        "attributes": {
                            "id": "3122258640703695126"
                        },
                        "meta": {},
                        "tainted": false
                    },
                    "deposed": [],
                    "provider": "provider.null"
                },
                "null_resource.icp-image": {
                    "type": "null_resource",
                    "depends_on": [
                        "local.icp-ips",
                        "local.load_image_options",
                        "local.ssh_key",
                        "null_resource.icp-docker"
                    ],
                    "primary": {
                        "id": "7576399478876001831",
                        "attributes": {
                            "id": "7576399478876001831"
                        },
                        "meta": {},
                        "tainted": false
                    },
                    "deposed": [],
                    "provider": "provider.null"
                },
                "null_resource.icp-install": {
                    "type": "null_resource",
                    "depends_on": [
                        "local.boot-node",
                        "local.install_options",
                        "local.ssh_key",
                        "null_resource.icp-generate-hosts-files",
                        "null_resource.local-preinstall-hook-continue-on-fail",
                        "null_resource.local-preinstall-hook-stop-on-fail"
                    ],
                    "primary": {
                        "id": "7668371813999682024",
                        "attributes": {
                            "id": "7668371813999682024"
                        },
                        "meta": {},
                        "tainted": false
                    },
                    "deposed": [],
                    "provider": "provider.null"
                },
                "null_resource.icp-postinstall-hook-stop-on-fail": {
                    "type": "null_resource",
                    "depends_on": [
                        "local.boot-node",
                        "local.ssh_key",
                        "null_resource.icp-install"
                    ],
                    "primary": {
                        "id": "2044394852414731419",
                        "attributes": {
                            "id": "2044394852414731419"
                        },
                        "meta": {},
                        "tainted": false
                    },
                    "deposed": [],
                    "provider": "provider.null"
                },
                "null_resource.icp-preinstall-hook-stop-on-fail": {
                    "type": "null_resource",
                    "depends_on": [
                        "local.boot-node",
                        "local.ssh_key",
                        "null_resource.icp-generate-hosts-files"
                    ],
                    "primary": {
                        "id": "5721303408663750038",
                        "attributes": {
                            "id": "5721303408663750038"
                        },
                        "meta": {},
                        "tainted": false
                    },
                    "deposed": [],
                    "provider": "provider.null"
                },
                "null_resource.icp-worker-scaler": {
                    "type": "null_resource",
                    "depends_on": [
                        "local.boot-node",
                        "local.ssh_key",
                        "null_resource.icp-cluster",
                        "null_resource.icp-install"
                    ],
                    "primary": {
                        "id": "1768284433486445079",
                        "attributes": {
                            "id": "1768284433486445079",
                            "triggers.%": "1",
                            "triggers.workers": "10.56.0.53"
                        },
                        "meta": {},
                        "tainted": false
                    },
                    "deposed": [],
                    "provider": "provider.null"
                },
                "null_resource.local-postinstall-hook-stop-on-fail": {
                    "type": "null_resource",
                    "depends_on": [
                        "null_resource.icp-install"
                    ],
                    "primary": {
                        "id": "7802700137661436033",
                        "attributes": {
                            "id": "7802700137661436033"
                        },
                        "meta": {},
                        "tainted": false
                    },
                    "deposed": [],
                    "provider": "provider.null"
                },
                "null_resource.local-preinstall-hook-stop-on-fail": {
                    "type": "null_resource",
                    "depends_on": [
                        "null_resource.icp-preinstall-hook-continue-on-fail",
                        "null_resource.icp-preinstall-hook-stop-on-fail"
                    ],
                    "primary": {
                        "id": "5722720661345955537",
                        "attributes": {
                            "id": "5722720661345955537"
                        },
                        "meta": {},
                        "tainted": false
                    },
                    "deposed": [],
                    "provider": "provider.null"
                },
                "random_string.generated_password": {
                    "type": "random_string",
                    "depends_on": [],
                    "primary": {
                        "id": "none",
                        "attributes": {
                            "id": "none",
                            "length": "32",
                            "lower": "true",
                            "min_lower": "0",
                            "min_numeric": "0",
                            "min_special": "0",
                            "min_upper": "0",
                            "number": "true",
                            "result": "phlf1DWapPoAsDK34fFOKEKeLLmfVIAJ",
                            "special": "false",
                            "upper": "true"
                        },
                        "meta": {
                            "schema_version": "1"
                        },
                        "tainted": false
                    },
                    "deposed": [],
                    "provider": "provider.random"
                },
                "tls_private_key.icpkey": {
                    "type": "tls_private_key",
                    "depends_on": [],
                    "primary": {
                        "id": "ef8ac0308d7857ce126fe67541b19bfdd26ca020",
                        "attributes": {
                            "algorithm": "RSA",
                            "ecdsa_curve": "P224",
                            "id": "ef8ac0308d7857ce126fe67541b19bfdd26ca020",
                            "private_key_pem": "-----BEGIN RSA PRIVATE KEY-----\nMIIEogIBAAKCAQEA0VUozJWq3LvcyM+o7i+AdOEc/uA3u6QQ7/aw12pSdqGFZisP\nweY5pim0XbjBYz3qEKMWCegVhD0iEbHTT7fQcXQV1/ZkUKNa9Yx5BqkuLUdHDDFZ\nqlbELtJeQ3gQ5n8C1qCgrvYb/S7/jHdzV21IFYN+C58nvdffTOmNrGxPVvLviUs0\nbWYpL79UlGMUDcXM9Brq65GFeWcDO1iikfvWw4d792ctq5CnN759fD6Ec6KRrynR\nfwVRLvFQ30NzPKiQvixVx/DnYznwJG8ZqhpmViUgieLiq7UWUyjjE4vZE+rADPrh\naO8qZnxYMKyIVovxmFpSgYjIvlFRkBS2grMpLQIDAQABAoIBAG/Snw3Sschibomz\nLJm4NFW7X2Lj4cHR3d5iGIuqV0zZ8cnnHO7GjmsuAhTCukPKcjva8s3t9XiDs6xi\nIvCFz8qbaYPJMkNFUDS1in09aNZ1KgXgYva0jO46IHLIM7b9iEWg3tU30THJpmeh\n87JzRTuA15dbuL4YEEgkxzKhVSyreGi3vljCR+Y8JucF/Yk9TviToKZxdKAgQc1S\np1TCdT65oe9A6unMGDGNPTPaymvTsBdvuSBf3iyJjiclzpTZjnjZcm88GPFlxAgF\nB+voyU4LzesHR/2xnYRZ37IlT04+TCOhiSFcXIKoCwSeAsrDyZpBCOfina8M4N/g\nEAvc6L0CgYEA5xLTFKr1wi+6dkd9aUngow+Rt/y3i1aqv59FV+tRPjO9Mpou85sM\ngZBdNx8dk2d+Q/MN3a31mzVhBfHppSJ6mwSO6DaR08J79R2e/bFe0/97R71QQFIT\nY78OZKrqfO7ZGA7RgQ/7HjhFfJYKoKUVF6tsihQlWbIAFg/3P5HWjZcCgYEA5+nz\n8606f28ySsG2rkYDZD8eHUuK8bFi/MrGv3TVedGpRgfP043STzhaQboe3sML1GJw\nQqTHCUC8vWAzIbq8rHlGEIqw941M8TjlJ6DGHzLYtHyncBW3hggXCr+NhoBjof9G\nhn1fcEIKnsKO1q+rId1ZSAtCagMmmCaCZBjrX9sCgYA2ZnslQX5sQhpO4FPJJuho\n2zB+NVPszPGT/WYw5aiR0VJ4iE4HcfhGxHr9kCjBXDsguicIinzpFm8KHELaaryc\npD0UtEwuo3nVYizdIxXlKR+X6xzql6gS8pbr4kUkNoMLo+l0zhNbsPnC8/v6iALo\nOKZr94Q3kq1shEO8RpRRbwKBgBfce2wr+6PW9g65BanCrGCpGdkbx6z8elnWJ0LV\nq41AJDF/ZkO3CNd7zdWLZ9e1q8brZe+FcrEiBwlZF4m14+m/BJV5H6Io2KzNFM7R\n/PCC08cmODgRE/Pnay+A6/fVx+qIEGKQDbzIHr2c+QNfybTPSHtgJTIxJsxq0emo\norcXAoGAPgz40lDqScDa6eaz1TonWm0pHNIub5Im850kbGVrucORa1CKTxi91nfz\nXcvKMI1oyzpkdoS5IoZlPJYqftiHb7QWL9OGm/tRlSaaLAaBUJEtLK8YVZb72yY6\ncXEMnLTtb35f+cnwhWnmoB5L3cx+GMY2WYDUO9QEmtKjSZtvAKg=\n-----END RSA PRIVATE KEY-----\n",
                            "public_key_fingerprint_md5": "81:9b:bf:15:ca:b8:bf:35:3f:26:b3:c4:04:6f:2d:46",
                            "public_key_openssh": "ssh-rsa AAAAB3NzaC1yc2EAAAADAQABAAABAQDRVSjMlarcu9zIz6juL4B04Rz+4De7pBDv9rDXalJ2oYVmKw/B5jmmKbRduMFjPeoQoxYJ6BWEPSIRsdNPt9BxdBXX9mRQo1r1jHkGqS4tR0cMMVmqVsQu0l5DeBDmfwLWoKCu9hv9Lv+Md3NXbUgVg34Lnye9199M6Y2sbE9W8u+JSzRtZikvv1SUYxQNxcz0GurrkYV5ZwM7WKKR+9bDh3v3Zy2rkKc3vn18PoRzopGvKdF/BVEu8VDfQ3M8qJC+LFXH8OdjOfAkbxmqGmZWJSCJ4uKrtRZTKOMTi9kT6sAM+uFo7ypmfFgwrIhWi/GYWlKBiMi+UVGQFLaCsykt\n",
                            "public_key_pem": "-----BEGIN PUBLIC KEY-----\nMIIBIjANBgkqhkiG9w0BAQEFAAOCAQ8AMIIBCgKCAQEA0VUozJWq3LvcyM+o7i+A\ndOEc/uA3u6QQ7/aw12pSdqGFZisPweY5pim0XbjBYz3qEKMWCegVhD0iEbHTT7fQ\ncXQV1/ZkUKNa9Yx5BqkuLUdHDDFZqlbELtJeQ3gQ5n8C1qCgrvYb/S7/jHdzV21I\nFYN+C58nvdffTOmNrGxPVvLviUs0bWYpL79UlGMUDcXM9Brq65GFeWcDO1iikfvW\nw4d792ctq5CnN759fD6Ec6KRrynRfwVRLvFQ30NzPKiQvixVx/DnYznwJG8Zqhpm\nViUgieLiq7UWUyjjE4vZE+rADPrhaO8qZnxYMKyIVovxmFpSgYjIvlFRkBS2grMp\nLQIDAQAB\n-----END PUBLIC KEY-----\n",
                            "rsa_bits": "2048"
                        },
                        "meta": {},
                        "tainted": false
                    },
                    "deposed": [],
                    "provider": "provider.tls"
                }
            },
            "depends_on": []
        },
        {
            "path": [
                "root",
                "mcm_install"
            ],
            "outputs": {},
            "resources": {
                "null_resource.mcm_install": {
                    "type": "null_resource",
                    "depends_on": [
                        "null_resource.mcm_install_wait"
                    ],
                    "primary": {
                        "id": "795986846934463809",
                        "attributes": {
                            "id": "795986846934463809"
                        },
                        "meta": {},
                        "tainted": false
                    },
                    "deposed": [],
                    "provider": "provider.null"
                },
                "null_resource.mcm_install_wait": {
                    "type": "null_resource",
                    "depends_on": [],
                    "primary": {
                        "id": "1384426277225765684",
                        "attributes": {
                            "id": "1384426277225765684"
                        },
                        "meta": {},
                        "tainted": false
                    },
                    "deposed": [],
                    "provider": "provider.null"
                }
            },
            "depends_on": []
        }
    ]
}
