{
    "version": 3,
    "terraform_version": "0.11.10",
    "serial": 178,
    "lineage": "32f60948-a90e-14ee-080d-dc571bf9f380",
    "modules": [
        {
            "path": [
                "root"
            ],
            "outputs": {
                "icp_default_admin_password": {
                    "sensitive": false,
                    "type": "string",
                    "value": "S3cure-icp-admin-passw0rd-default"
                },
                "icp_master_vm_ip": {
                    "sensitive": false,
                    "type": "string",
                    "value": "10.56.0.104"
                },
                "icp_worker_vm_ips": {
                    "sensitive": false,
                    "type": "list",
                    "value": [
                        "10.56.0.53"
                    ]
                }
            },
            "resources": {
                "data.template_file.bootstrap_init": {
                    "type": "template_file",
                    "depends_on": [],
                    "primary": {
                        "id": "ad10413faa9da3dec049b3b7807ac97e2dbede62d17bd997e4eb340d547f1ec5",
                        "attributes": {
                            "id": "ad10413faa9da3dec049b3b7807ac97e2dbede62d17bd997e4eb340d547f1ec5",
                            "rendered": "#!/bin/bash\n\n################################################################\n# Module to deploy IBM Cloud Private\n#\n# Licensed under the Apache License, Version 2.0 (the \"License\");\n# you may not use this file except in compliance with the License.\n# You may obtain a copy of the License at\n#\n#    http://www.apache.org/licenses/LICENSE-2.0\n#\n# Unless required by applicable law or agreed to in writing, software\n# distributed under the License is distributed on an “AS IS” BASIS,\n# WITHOUT WARRANTIES OR CONDITIONS OF ANY KIND, either express or implied.\n# See the License for the specific language governing permissions and\n# limitations under the License.\n#\n# Licensed Materials - Property of IBM\n#\n# Copyright (C) 2019 IBM Corporation\n#\n# Yussuf Shaikh \u003cyussuf@us.ibm.com\u003e - Initial implementation.\n#\n################################################################\n\n# Allow SMT levels to be set for the master node\nif [ \"ppc64le\" == \"ppc64le\" ] \u0026\u0026 [ ! -z \"\" ] \u0026\u0026 [ -f /usr/sbin/ppc64_cpu ]; then\n    /usr/sbin/ppc64_cpu --smt=\n    cat \u003e\u003e /etc/systemd/system/smt.service \u003c\u003cEOL\n[Unit]\nDescription=Set SMT\nAfter=syslog.target\n[Service]\nType=simple\nExecStart=/usr/sbin/ppc64_cpu --smt=\nTimeoutSec=300\n[Install]\nWantedBy=multi-user.target\nEOL\n    /bin/systemctl daemon-reload\n    /bin/systemctl enable smt.service\nfi\n\n# Enable NTP\n/usr/bin/timedatectl set-ntp on\n# Need to set vm.max_map_count to at least 262144\n/sbin/sysctl -w vm.max_map_count=262144\n/bin/echo \"vm.max_map_count=262144\" | /usr/bin/tee -a /etc/sysctl.conf\n\nif [ -f /etc/redhat-release ]; then\n    # Disable the firewall\n    systemctl stop firewalld\n    systemctl disable firewalld\n    # Make sure we're not running some old version of docker\n    yum -y remove docker docker-engine docker.io\n    yum -y install socat moreutils\n    # Either install the icp docker version or from the repo\n    if [ ! -z  ]; then\n        TMP_DIR=\"$(/bin/mktemp -d)\"\n        cd \"$TMP_DIR\"\n        /usr/bin/wget -q \"\"\n        chmod +x *\n        ./*.bin --install\n        /bin/rm -rf \"$TMP_DIR\"\n    else\n        yum -y install docker-ce\n    fi\n    systemctl start docker\nelif [ -f /etc/SuSE-release ]; then\n    systemctl stop SuSEfirewall2\n    systemctl disable SuSEfirewall2\n    zypper -n remove docker docker-engine docker.io\n    zypper -n install socat moreutils\n    if [ ! -z  ]; then\n        TMP_DIR=\"$(/bin/mktemp -d)\"\n        cd \"$TMP_DIR\"\n        /usr/bin/wget -q \"\"\n        chmod +x *\n        ./*.bin --install\n        /bin/rm -rf \"$TMP_DIR\"\n    else\n        zypper -n install docker\n    fi\n    systemctl start docker\nelse\n    /usr/sbin/ufw disable\n    # Prepare the system for updates, install Docker and install Python\n    /usr/bin/apt update\n    # We'll use docker-ce (vs docker.io as ce/ee is what is supported by ICP)\n    /usr/bin/apt-get --assume-yes purge docker\n    /usr/bin/apt-get --assume-yes purge docker-engine\n    /usr/bin/apt-get --assume-yes purge docker.io\n    /usr/bin/apt-get --assume-yes install apt-transport-https moreutils\\\n    ca-certificates curl software-properties-common python python-pip\n    if [ ! -z  ]; then\n        TMP_DIR=\"$(/bin/mktemp -d)\"\n        cd \"$TMP_DIR\"\n        /usr/bin/wget -q \"\"\n        chmod +x *\n        ./*.bin --install\n        /bin/rm -rf \"$TMP_DIR\"\n    else\n        # Add Docker GPG key\n        curl -fsSL https://download.docker.com/linux/ubuntu/gpg | sudo apt-key add -\n        # Add the repo\n        /usr/bin/add-apt-repository \\\n        \"deb https://download.docker.com/linux/ubuntu \\\n         $(lsb_release -cs) stable\"\n        /usr/bin/apt update\n        /usr/bin/apt-get --assume-yes install docker-ce\n    fi\nfi\n\ntouch /tmp/CLOUDINIT_DONE\n\nexit 0\n",
                            "template": "#!/bin/bash\n\n################################################################\n# Module to deploy IBM Cloud Private\n#\n# Licensed under the Apache License, Version 2.0 (the \"License\");\n# you may not use this file except in compliance with the License.\n# You may obtain a copy of the License at\n#\n#    http://www.apache.org/licenses/LICENSE-2.0\n#\n# Unless required by applicable law or agreed to in writing, software\n# distributed under the License is distributed on an “AS IS” BASIS,\n# WITHOUT WARRANTIES OR CONDITIONS OF ANY KIND, either express or implied.\n# See the License for the specific language governing permissions and\n# limitations under the License.\n#\n# Licensed Materials - Property of IBM\n#\n# Copyright (C) 2019 IBM Corporation\n#\n# Yussuf Shaikh \u003cyussuf@us.ibm.com\u003e - Initial implementation.\n#\n################################################################\n\n# Allow SMT levels to be set for the master node\nif [ \"${icp_architecture}\" == \"ppc64le\" ] \u0026\u0026 [ ! -z \"${smt_value_master}\" ] \u0026\u0026 [ -f /usr/sbin/ppc64_cpu ]; then\n    /usr/sbin/ppc64_cpu --smt=${smt_value_master}\n    cat \u003e\u003e /etc/systemd/system/smt.service \u003c\u003cEOL\n[Unit]\nDescription=Set SMT\nAfter=syslog.target\n[Service]\nType=simple\nExecStart=/usr/sbin/ppc64_cpu --smt=${smt_value_master}\nTimeoutSec=300\n[Install]\nWantedBy=multi-user.target\nEOL\n    /bin/systemctl daemon-reload\n    /bin/systemctl enable smt.service\nfi\n\n# Enable NTP\n/usr/bin/timedatectl set-ntp on\n# Need to set vm.max_map_count to at least 262144\n/sbin/sysctl -w vm.max_map_count=262144\n/bin/echo \"vm.max_map_count=262144\" | /usr/bin/tee -a /etc/sysctl.conf\n\nif [ -f /etc/redhat-release ]; then\n    # Disable the firewall\n    systemctl stop firewalld\n    systemctl disable firewalld\n    # Make sure we're not running some old version of docker\n    yum -y remove docker docker-engine docker.io\n    yum -y install socat moreutils\n    # Either install the icp docker version or from the repo\n    if [ ! -z ${docker_download_location} ]; then\n        TMP_DIR=\"$(/bin/mktemp -d)\"\n        cd \"$TMP_DIR\"\n        /usr/bin/wget -q \"${docker_download_location}\"\n        chmod +x *\n        ./*.bin --install\n        /bin/rm -rf \"$TMP_DIR\"\n    else\n        yum -y install docker-ce\n    fi\n    systemctl start docker\nelif [ -f /etc/SuSE-release ]; then\n    systemctl stop SuSEfirewall2\n    systemctl disable SuSEfirewall2\n    zypper -n remove docker docker-engine docker.io\n    zypper -n install socat moreutils\n    if [ ! -z ${docker_download_location} ]; then\n        TMP_DIR=\"$(/bin/mktemp -d)\"\n        cd \"$TMP_DIR\"\n        /usr/bin/wget -q \"${docker_download_location}\"\n        chmod +x *\n        ./*.bin --install\n        /bin/rm -rf \"$TMP_DIR\"\n    else\n        zypper -n install docker\n    fi\n    systemctl start docker\nelse\n    /usr/sbin/ufw disable\n    # Prepare the system for updates, install Docker and install Python\n    /usr/bin/apt update\n    # We'll use docker-ce (vs docker.io as ce/ee is what is supported by ICP)\n    /usr/bin/apt-get --assume-yes purge docker\n    /usr/bin/apt-get --assume-yes purge docker-engine\n    /usr/bin/apt-get --assume-yes purge docker.io\n    /usr/bin/apt-get --assume-yes install apt-transport-https moreutils\\\n    ca-certificates curl software-properties-common python python-pip\n    if [ ! -z ${docker_download_location} ]; then\n        TMP_DIR=\"$(/bin/mktemp -d)\"\n        cd \"$TMP_DIR\"\n        /usr/bin/wget -q \"${docker_download_location}\"\n        chmod +x *\n        ./*.bin --install\n        /bin/rm -rf \"$TMP_DIR\"\n    else\n        # Add Docker GPG key\n        curl -fsSL https://download.docker.com/linux/ubuntu/gpg | sudo apt-key add -\n        # Add the repo\n        /usr/bin/add-apt-repository \\\n        \"deb https://download.docker.com/linux/ubuntu \\\n         $(lsb_release -cs) stable\"\n        /usr/bin/apt update\n        /usr/bin/apt-get --assume-yes install docker-ce\n    fi\nfi\n\ntouch /tmp/CLOUDINIT_DONE\n\nexit 0\n",
                            "vars.%": "3",
                            "vars.docker_download_location": "",
                            "vars.icp_architecture": "ppc64le",
                            "vars.smt_value_master": ""
                        },
                        "meta": {},
                        "tainted": false
                    },
                    "deposed": [],
                    "provider": "provider.template"
                },
                "data.template_file.bootstrap_worker": {
                    "type": "template_file",
                    "depends_on": [],
                    "primary": {
                        "id": "64546be5c289c86dfbff0a9f178a2fdae48735abe2ff8b1daa269efb939c7915",
                        "attributes": {
                            "id": "64546be5c289c86dfbff0a9f178a2fdae48735abe2ff8b1daa269efb939c7915",
                            "rendered": "#!/bin/bash\n\n################################################################\n# Module to deploy IBM Cloud Private\n#\n# Licensed under the Apache License, Version 2.0 (the \"License\");\n# you may not use this file except in compliance with the License.\n# You may obtain a copy of the License at\n#\n#    http://www.apache.org/licenses/LICENSE-2.0\n#\n# Unless required by applicable law or agreed to in writing, software\n# distributed under the License is distributed on an “AS IS” BASIS,\n# WITHOUT WARRANTIES OR CONDITIONS OF ANY KIND, either express or implied.\n# See the License for the specific language governing permissions and\n# limitations under the License.\n#\n# Licensed Materials - Property of IBM\n#\n# Copyright (C) 2019 IBM Corporation\n#\n# Yussuf Shaikh \u003cyussuf@us.ibm.com\u003e - Initial implementation.\n#\n################################################################\n\n# Enable NTP\n/usr/bin/timedatectl set-ntp on\n# Need to set vm.max_map_count to at least 262144\n/sbin/sysctl -w vm.max_map_count=262144\n/bin/echo \"vm.max_map_count=262144\" | /usr/bin/tee -a /etc/sysctl.conf\n\nif [ -f /etc/redhat-release ]; then\n    # Disable the firewall\n    systemctl stop firewalld\n    systemctl disable firewalld\n    # Make sure we're not running some old version of docker\n    yum -y remove docker docker-engine docker.io\n    yum -y install moreutils\n    # Either install the icp docker version or from the repo\n    if [ ! -z  ]; then\n        TMP_DIR=\"$(/bin/mktemp -d)\"\n        cd \"$TMP_DIR\"\n        /usr/bin/wget -q \"\"\n        chmod +x *\n        ./*.bin --install\n        /bin/rm -rf \"$TMP_DIR\"\n    else\n        yum -y install docker-ce\n    fi\n    systemctl start docker\nelif [ -f /etc/SuSE-release ]; then\n    systemctl stop SuSEfirewall2\n    systemctl disable SuSEfirewall2\n    zypper -n remove docker docker-engine docker.io\n    zypper -n install moreutils\n    if [ ! -z  ]; then\n        TMP_DIR=\"$(/bin/mktemp -d)\"\n        cd \"$TMP_DIR\"\n        /usr/bin/wget -q \"\"\n        chmod +x *\n        ./*.bin --install\n        /bin/rm -rf \"$TMP_DIR\"\n    else\n        zypper -n install docker\n    fi\n    systemctl start docker\nelse\n    /usr/sbin/ufw disable\n    # Prepare the system for updates, install Docker and install Python\n    /usr/bin/apt update\n    # We'll use docker-ce (vs docker.io as ce/ee is what is supported by ICP)\n    /usr/bin/apt-get --assume-yes purge docker\n    /usr/bin/apt-get --assume-yes purge docker-engine\n    /usr/bin/apt-get --assume-yes purge docker.io\n    /usr/bin/apt-get --assume-yes install apt-transport-https moreutils\\\n    ca-certificates curl software-properties-common python python-pip\n    if [ ! -z  ]; then\n        TMP_DIR=\"$(/bin/mktemp -d)\"\n        cd \"$TMP_DIR\"\n        /usr/bin/wget -q \"\"\n        chmod +x *\n        ./*.bin --install\n        /bin/rm -rf \"$TMP_DIR\"\n    else\n        # Add Docker GPG key\n        curl -fsSL https://download.docker.com/linux/ubuntu/gpg | sudo apt-key add -\n        # Add the repo\n        /usr/bin/add-apt-repository \\\n        \"deb https://download.docker.com/linux/ubuntu \\\n         $(lsb_release -cs) stable\"\n        /usr/bin/apt update\n        /usr/bin/apt-get --assume-yes install docker-ce\n    fi\nfi\n\ntouch /tmp/CLOUDINIT_DONE\n\nexit 0\n",
                            "template": "#!/bin/bash\n\n################################################################\n# Module to deploy IBM Cloud Private\n#\n# Licensed under the Apache License, Version 2.0 (the \"License\");\n# you may not use this file except in compliance with the License.\n# You may obtain a copy of the License at\n#\n#    http://www.apache.org/licenses/LICENSE-2.0\n#\n# Unless required by applicable law or agreed to in writing, software\n# distributed under the License is distributed on an “AS IS” BASIS,\n# WITHOUT WARRANTIES OR CONDITIONS OF ANY KIND, either express or implied.\n# See the License for the specific language governing permissions and\n# limitations under the License.\n#\n# Licensed Materials - Property of IBM\n#\n# Copyright (C) 2019 IBM Corporation\n#\n# Yussuf Shaikh \u003cyussuf@us.ibm.com\u003e - Initial implementation.\n#\n################################################################\n\n# Enable NTP\n/usr/bin/timedatectl set-ntp on\n# Need to set vm.max_map_count to at least 262144\n/sbin/sysctl -w vm.max_map_count=262144\n/bin/echo \"vm.max_map_count=262144\" | /usr/bin/tee -a /etc/sysctl.conf\n\nif [ -f /etc/redhat-release ]; then\n    # Disable the firewall\n    systemctl stop firewalld\n    systemctl disable firewalld\n    # Make sure we're not running some old version of docker\n    yum -y remove docker docker-engine docker.io\n    yum -y install moreutils\n    # Either install the icp docker version or from the repo\n    if [ ! -z ${docker_download_location} ]; then\n        TMP_DIR=\"$(/bin/mktemp -d)\"\n        cd \"$TMP_DIR\"\n        /usr/bin/wget -q \"${docker_download_location}\"\n        chmod +x *\n        ./*.bin --install\n        /bin/rm -rf \"$TMP_DIR\"\n    else\n        yum -y install docker-ce\n    fi\n    systemctl start docker\nelif [ -f /etc/SuSE-release ]; then\n    systemctl stop SuSEfirewall2\n    systemctl disable SuSEfirewall2\n    zypper -n remove docker docker-engine docker.io\n    zypper -n install moreutils\n    if [ ! -z ${docker_download_location} ]; then\n        TMP_DIR=\"$(/bin/mktemp -d)\"\n        cd \"$TMP_DIR\"\n        /usr/bin/wget -q \"${docker_download_location}\"\n        chmod +x *\n        ./*.bin --install\n        /bin/rm -rf \"$TMP_DIR\"\n    else\n        zypper -n install docker\n    fi\n    systemctl start docker\nelse\n    /usr/sbin/ufw disable\n    # Prepare the system for updates, install Docker and install Python\n    /usr/bin/apt update\n    # We'll use docker-ce (vs docker.io as ce/ee is what is supported by ICP)\n    /usr/bin/apt-get --assume-yes purge docker\n    /usr/bin/apt-get --assume-yes purge docker-engine\n    /usr/bin/apt-get --assume-yes purge docker.io\n    /usr/bin/apt-get --assume-yes install apt-transport-https moreutils\\\n    ca-certificates curl software-properties-common python python-pip\n    if [ ! -z ${docker_download_location} ]; then\n        TMP_DIR=\"$(/bin/mktemp -d)\"\n        cd \"$TMP_DIR\"\n        /usr/bin/wget -q \"${docker_download_location}\"\n        chmod +x *\n        ./*.bin --install\n        /bin/rm -rf \"$TMP_DIR\"\n    else\n        # Add Docker GPG key\n        curl -fsSL https://download.docker.com/linux/ubuntu/gpg | sudo apt-key add -\n        # Add the repo\n        /usr/bin/add-apt-repository \\\n        \"deb https://download.docker.com/linux/ubuntu \\\n         $(lsb_release -cs) stable\"\n        /usr/bin/apt update\n        /usr/bin/apt-get --assume-yes install docker-ce\n    fi\nfi\n\ntouch /tmp/CLOUDINIT_DONE\n\nexit 0\n",
                            "vars.%": "1",
                            "vars.docker_download_location": ""
                        },
                        "meta": {},
                        "tainted": false
                    },
                    "deposed": [],
                    "provider": "provider.template"
                },
                "null_resource.wait_for_master": {
                    "type": "null_resource",
                    "depends_on": [
                        "openstack_compute_floatingip_associate_v2.master_pub_ip",
                        "openstack_compute_instance_v2.icp_master_vm"
                    ],
                    "primary": {
                        "id": "4693942370790318858",
                        "attributes": {
                            "id": "4693942370790318858"
                        },
                        "meta": {},
                        "tainted": false
                    },
                    "deposed": [],
                    "provider": "provider.null"
                },
                "openstack_compute_floatingip_associate_v2.master_pub_ip": {
                    "type": "openstack_compute_floatingip_associate_v2",
                    "depends_on": [
                        "openstack_compute_instance_v2.icp_master_vm.*",
                        "openstack_networking_floatingip_v2.master_pub_ip.*"
                    ],
                    "primary": {
                        "id": "9.20.206.24/4cdc04cc-05c8-4058-bab4-4bb3f416fc55/",
                        "attributes": {
                            "fixed_ip": "",
                            "floating_ip": "9.20.206.24",
                            "id": "9.20.206.24/4cdc04cc-05c8-4058-bab4-4bb3f416fc55/",
                            "instance_id": "4cdc04cc-05c8-4058-bab4-4bb3f416fc55",
                            "region": ""
                        },
                        "meta": {
                            "e2bfb730-ecaa-11e6-8f88-34363bc7c4c0": {
                                "create": 600000000000
                            }
                        },
                        "tainted": false
                    },
                    "deposed": [],
                    "provider": "provider.openstack"
                },
                "openstack_compute_instance_v2.icp_master_vm": {
                    "type": "openstack_compute_instance_v2",
                    "depends_on": [
                        "data.template_file.bootstrap_init",
                        "openstack_compute_keypair_v2.icp-key-pair",
                        "random_id.rand"
                    ],
                    "primary": {
                        "id": "4cdc04cc-05c8-4058-bab4-4bb3f416fc55",
                        "attributes": {
                            "access_ip_v4": "10.56.0.104",
                            "access_ip_v6": "",
                            "all_metadata.%": "1",
                            "all_metadata.DNS Name": "yussuf-mcm-master-c4e9.blueridgegroup-p.hur.hdclab.intranet.ibm.com",
                            "availability_zone": "PowerKVM",
                            "flavor_id": "7477eac4-55be-42d8-8c4c-19316e608dad",
                            "flavor_name": "brg-xxlarge",
                            "force_delete": "false",
                            "id": "4cdc04cc-05c8-4058-bab4-4bb3f416fc55",
                            "image_id": "bd1aa2a1-188f-45ed-b1ba-17cc9182e714",
                            "image_name": "PKVM-Ubt16.04-Srv-ppc64le",
                            "key_pair": "terraform-icp-key-pair-c4e9",
                            "name": "yussuf-mcm-master-c4e9",
                            "network.#": "1",
                            "network.0.access_network": "false",
                            "network.0.fixed_ip_v4": "10.56.0.104",
                            "network.0.fixed_ip_v6": "",
                            "network.0.floating_ip": "",
                            "network.0.mac": "fa:16:3e:69:ef:fb",
                            "network.0.name": "BlueRidgeGroup-P_Network",
                            "network.0.port": "",
                            "network.0.uuid": "201f6097-9b14-4c12-8a67-9d86b3b9313b",
                            "power_state": "active",
                            "region": "",
                            "security_groups.#": "2",
                            "security_groups.1347366123": "icp-rules",
                            "security_groups.3814588639": "default",
                            "stop_before_destroy": "false",
                            "user_data": "05beda4c6bfca92ff79e2c5b3194aa0d907576d1"
                        },
                        "meta": {
                            "e2bfb730-ecaa-11e6-8f88-34363bc7c4c0": {
                                "create": 1800000000000,
                                "delete": 1800000000000,
                                "update": 1800000000000
                            }
                        },
                        "tainted": false
                    },
                    "deposed": [],
                    "provider": "provider.openstack"
                },
                "openstack_compute_instance_v2.icp_worker_vm": {
                    "type": "openstack_compute_instance_v2",
                    "depends_on": [
                        "data.template_file.bootstrap_worker",
                        "null_resource.wait_for_master",
                        "openstack_compute_floatingip_associate_v2.master_pub_ip",
                        "openstack_compute_keypair_v2.icp-key-pair",
                        "random_id.rand"
                    ],
                    "primary": {
                        "id": "4f8e752e-4896-42ef-9072-2361cc657b96",
                        "attributes": {
                            "access_ip_v4": "10.56.0.53",
                            "access_ip_v6": "",
                            "all_metadata.%": "0",
                            "availability_zone": "PowerKVM",
                            "flavor_id": "5",
                            "flavor_name": "m1.xlarge",
                            "force_delete": "false",
                            "id": "4f8e752e-4896-42ef-9072-2361cc657b96",
                            "image_id": "bd1aa2a1-188f-45ed-b1ba-17cc9182e714",
                            "image_name": "PKVM-Ubt16.04-Srv-ppc64le",
                            "key_pair": "terraform-icp-key-pair-c4e9",
                            "name": "yussuf-mcm-worker-c4e9-01",
                            "network.#": "1",
                            "network.0.access_network": "false",
                            "network.0.fixed_ip_v4": "10.56.0.53",
                            "network.0.fixed_ip_v6": "",
                            "network.0.floating_ip": "",
                            "network.0.mac": "fa:16:3e:73:fa:16",
                            "network.0.name": "BlueRidgeGroup-P_Network",
                            "network.0.port": "",
                            "network.0.uuid": "201f6097-9b14-4c12-8a67-9d86b3b9313b",
                            "power_state": "active",
                            "region": "",
                            "security_groups.#": "2",
                            "security_groups.1347366123": "icp-rules",
                            "security_groups.3814588639": "default",
                            "stop_before_destroy": "false",
                            "user_data": "8920865ef201dd9452dccba0713b74540c34d40d"
                        },
                        "meta": {
                            "e2bfb730-ecaa-11e6-8f88-34363bc7c4c0": {
                                "create": 1800000000000,
                                "delete": 1800000000000,
                                "update": 1800000000000
                            }
                        },
                        "tainted": false
                    },
                    "deposed": [],
                    "provider": "provider.openstack"
                },
                "openstack_compute_keypair_v2.icp-key-pair": {
                    "type": "openstack_compute_keypair_v2",
                    "depends_on": [
                        "random_id.rand"
                    ],
                    "primary": {
                        "id": "terraform-icp-key-pair-c4e9",
                        "attributes": {
                            "fingerprint": "06:c3:ec:0f:15:0e:c4:31:9d:73:d1:07:05:ca:cd:68",
                            "id": "terraform-icp-key-pair-c4e9",
                            "name": "terraform-icp-key-pair-c4e9",
                            "private_key": "",
                            "public_key": "ssh-rsa AAAAB3NzaC1yc2EAAAADAQABAAABAQDYsu4A0p2sMH/7xZAszHrP5lGKkukwE75QF6OO5GHqSdiwTKvF45XF08fR5wmNZV0TWDv+6OZ5goVHxVhzDc2U+mjoqu0h4bxM3oVihU1GtkMH7GhG2erxtze0Ee2Elt68zuYQRmvCw493FxsKz1B+e5ToY9SbdcoarPhsGuo5aVYz/J5GAwBxSbJxkLKycJrrQKxAAiLTT6Ht3BtrxqI7e6/hTGVK+ZTRA2pic0L3k0SLfYCRPRcORaMoopHuH5g1Zttk2XWihwpcztg3JENSX0pSdZI1uLyMIwW2O2nHYY5UoMShgt4HxJMbowJ23Vr+Ed03nC7OuF6ms89WUqf3 root@yussuf-user\n",
                            "region": ""
                        },
                        "meta": {},
                        "tainted": false
                    },
                    "deposed": [],
                    "provider": "provider.openstack"
                },
                "openstack_networking_floatingip_v2.master_pub_ip": {
                    "type": "openstack_networking_floatingip_v2",
                    "depends_on": [],
                    "primary": {
                        "id": "c285a18e-21da-4b10-aea5-04a981c5202f",
                        "attributes": {
                            "address": "9.20.206.24",
                            "all_tags.#": "0",
                            "description": "",
                            "fixed_ip": "10.56.0.104",
                            "id": "c285a18e-21da-4b10-aea5-04a981c5202f",
                            "pool": "HDC_floating_ips",
                            "port_id": "65807bfa-0fc9-4fef-a952-735309097d3c",
                            "region": "",
                            "tags.#": "0",
                            "tenant_id": "f997b7b568ee49b09a84ca32acdd6659"
                        },
                        "meta": {
                            "e2bfb730-ecaa-11e6-8f88-34363bc7c4c0": {
                                "create": 600000000000,
                                "delete": 600000000000
                            }
                        },
                        "tainted": false
                    },
                    "deposed": [],
                    "provider": "provider.openstack"
                },
                "random_id.rand": {
                    "type": "random_id",
                    "depends_on": [],
                    "primary": {
                        "id": "xOk",
                        "attributes": {
                            "b64": "xOk",
                            "b64_std": "xOk=",
                            "b64_url": "xOk",
                            "byte_length": "2",
                            "dec": "50409",
                            "hex": "c4e9",
                            "id": "xOk"
                        },
                        "meta": {},
                        "tainted": false
                    },
                    "deposed": [],
                    "provider": "provider.random"
                }
            },
            "depends_on": []
        },
        {
            "path": [
                "root",
                "cam_install"
            ],
            "outputs": {},
            "resources": {
                "null_resource.cam_install": {
                    "type": "null_resource",
                    "depends_on": [
                        "null_resource.cam_install_wait"
                    ],
                    "primary": {
                        "id": "3965440786532156228",
                        "attributes": {
                            "id": "3965440786532156228"
                        },
                        "meta": {},
                        "tainted": false
                    },
                    "deposed": [],
                    "provider": "provider.null"
                },
                "null_resource.cam_install_wait": {
                    "type": "null_resource",
                    "depends_on": [],
                    "primary": {
                        "id": "8542531139838703164",
                        "attributes": {
                            "id": "8542531139838703164"
                        },
                        "meta": {},
                        "tainted": false
                    },
                    "deposed": [],
                    "provider": "provider.null"
                }
            },
            "depends_on": []
        },
        {
            "path": [
                "root",
                "icpprovision"
            ],
            "outputs": {
                "cluster_ips": {
                    "sensitive": false,
                    "type": "list",
                    "value": [
                        "10.56.0.104",
                        "10.56.0.53"
                    ]
                },
                "default_admin_password": {
                    "sensitive": false,
                    "type": "string",
                    "value": "S3cure-icp-admin-passw0rd-default"
                },
                "icp_private_key": {
                    "sensitive": false,
                    "type": "string",
                    "value": "-----BEGIN RSA PRIVATE KEY-----\nMIIEpAIBAAKCAQEA2LLuANKdrDB/+8WQLMx6z+ZRipLpMBO+UBejjuRh6knYsEyr\nxeOVxdPH0ecJjWVdE1g7/ujmeYKFR8VYcw3NlPpo6KrtIeG8TN6FYoVNRrZDB+xo\nRtnq8bc3tBHthJbevM7mEEZrwsOPdxcbCs9QfnuU6GPUm3XKGqz4bBrqOWlWM/ye\nRgMAcUmycZCysnCa60CsQAIi00+h7dwba8aiO3uv4UxlSvmU0QNqYnNC95NEi32A\nkT0XDkWjKKKR7h+YNWbbZNl1oocKXM7YNyRDUl9KUnWSNbi8jCMFtjtpx2GOVKDE\noYLeB8STG6MCdt1a/hHdN5wuzrheprPPVlKn9wIDAQABAoIBAAxeomFfpGp41kVr\n8J/uCDCn6A2t9yusZNezkb2NYd1626isp72DEUCapzRfKNduatK43aveZZGYFr2T\nEUp4Bj0z0hs97o1ZkmMc7KZED7Yynz7risRImjW0DLT1tQY1in9inBVfv7T9bsoQ\ngpWqYeDmcwiU8kTxg1jkeMXK/4XJV6OHP9Bib9UVC4u3xAI+p4hfkx42rptz4RdI\nlxkkGB8gvbX8EauxgNlHEKRihBLSFJQFuE7n9IJCp2lWB4QbeYQLexR31bO9fstr\n7HaSF4Jnrjae+9Ru29XqZDyRHfDysN9XoTWshvqF8kZI8EhmqPXGTvI0jzE13s9g\niTL0yekCgYEA7J3j91yCAlqcZiBqVC5yo8xKaMLrbzrY2A5sGjhWJ7+KtUIVqic+\nqaLX57Q/HZRZ55U06jycmxsS6aJfmQMh4OlEUBaRwRLlV6SkPbu+dVt1GxZoinoG\nRRijJN0r/U2/mHa39U0LkLxNjj3oFRFWGLC4RPUUFDZNVldpV0GFZtsCgYEA6nNX\nT7ASvEp8zloXz+emhp5fegrkJLPfG8YAx0Iji02N+HNu3jFEfwGPFTqLbrj1HDgp\nfzn9P4LBSeoSdwbX1MFs/Qqblwcquoa1zL6yGXptDO4YONaLGbdeECLxAXHbUVtP\nE4jm778MwnjquL//d6YEn2j0iidMKzFLYz6dKBUCgYEApp8Q1zHXg1zXYbtV5O3I\nYLwNcfRA4lToOkz9pwEg+mCRhs6Afw+fusknjMyK3YOIQ+H4HzKLfVX1XXywIQnp\no33gUx1xiiqKQct4tNguaGn87xQ6jbkcDTAqQl1VCszjLLP9GsokaMmRO6cwdRV+\nMWjQeg6zEwCiOTjYv08uZ50CgYABO/Q0ti+TEC1SBMVlUcndoY3NHauPyeadxdAR\nPHblb9YUfb8Sql268W4oZXOAdLbNnDoTsmFz6SNNWU8Zk06ljxMczeZ9yArgin8A\ngex8F9nlHIfCHNcEnqN/ID/2ivvllL540tqsXmwZxfsuV8xne9dAY5QN+iD7hTnp\nXtYC9QKBgQDA3y/EZSXWIfXNYLPX97Segym7pdaxOZO4gCIo32dt0BAi8F2tK4U1\nb4p3FDv3a/6u5JXgkReB3r1fVzQJJncXIiC7jbIsbG1FF92upZW0ufupdRmxz/PW\nuFnhj7ieuFnrS8uUfxEk5bUEkFPGye/aQEVBMCMdo2arWLz4ijyXjg==\n-----END RSA PRIVATE KEY-----\n"
                },
                "icp_public_key": {
                    "sensitive": false,
                    "type": "string",
                    "value": "ssh-rsa AAAAB3NzaC1yc2EAAAADAQABAAABAQDYsu4A0p2sMH/7xZAszHrP5lGKkukwE75QF6OO5GHqSdiwTKvF45XF08fR5wmNZV0TWDv+6OZ5goVHxVhzDc2U+mjoqu0h4bxM3oVihU1GtkMH7GhG2erxtze0Ee2Elt68zuYQRmvCw493FxsKz1B+e5ToY9SbdcoarPhsGuo5aVYz/J5GAwBxSbJxkLKycJrrQKxAAiLTT6Ht3BtrxqI7e6/hTGVK+ZTRA2pic0L3k0SLfYCRPRcORaMoopHuH5g1Zttk2XWihwpcztg3JENSX0pSdZI1uLyMIwW2O2nHYY5UoMShgt4HxJMbowJ23Vr+Ed03nC7OuF6ms89WUqf3 root@yussuf-user\n"
                },
                "icp_version": {
                    "sensitive": false,
                    "type": "string",
                    "value": "3.1.2"
                },
                "install_complete": {
                    "sensitive": false,
                    "type": "string",
                    "value": "true"
                }
            },
            "resources": {
                "null_resource.icp-boot": {
                    "type": "null_resource",
                    "depends_on": [
                        "local.boot-node",
                        "local.ssh_key",
                        "null_resource.icp-image"
                    ],
                    "primary": {
                        "id": "2933490132561556593",
                        "attributes": {
                            "id": "2933490132561556593"
                        },
                        "meta": {},
                        "tainted": false
                    },
                    "deposed": [],
                    "provider": "provider.null"
                },
                "null_resource.icp-boot-preconfig-stop-on-fail": {
                    "type": "null_resource",
                    "depends_on": [
                        "local.boot-node",
                        "local.ssh_key",
                        "null_resource.icp-cluster",
                        "null_resource.icp-cluster-postconfig-hook-continue-on-fail",
                        "null_resource.icp-cluster-postconfig-hook-stop-on-fail"
                    ],
                    "primary": {
                        "id": "6230931660073074399",
                        "attributes": {
                            "id": "6230931660073074399"
                        },
                        "meta": {},
                        "tainted": false
                    },
                    "deposed": [],
                    "provider": "provider.null"
                },
                "null_resource.icp-cluster-postconfig-hook-stop-on-fail.0": {
                    "type": "null_resource",
                    "depends_on": [
                        "local.icp-ips",
                        "local.ssh_key",
                        "null_resource.icp-cluster"
                    ],
                    "primary": {
                        "id": "6537017979523650988",
                        "attributes": {
                            "id": "6537017979523650988"
                        },
                        "meta": {},
                        "tainted": false
                    },
                    "deposed": [],
                    "provider": "provider.null"
                },
                "null_resource.icp-cluster-postconfig-hook-stop-on-fail.1": {
                    "type": "null_resource",
                    "depends_on": [
                        "local.icp-ips",
                        "local.ssh_key",
                        "null_resource.icp-cluster"
                    ],
                    "primary": {
                        "id": "2927733883170235544",
                        "attributes": {
                            "id": "2927733883170235544"
                        },
                        "meta": {},
                        "tainted": false
                    },
                    "deposed": [],
                    "provider": "provider.null"
                },
                "null_resource.icp-cluster-preconfig-hook-stop-on-fail.0": {
                    "type": "null_resource",
                    "depends_on": [
                        "local.icp-ips",
                        "local.ssh_key"
                    ],
                    "primary": {
                        "id": "1506326976803870714",
                        "attributes": {
                            "id": "1506326976803870714"
                        },
                        "meta": {},
                        "tainted": false
                    },
                    "deposed": [],
                    "provider": "provider.null"
                },
                "null_resource.icp-cluster-preconfig-hook-stop-on-fail.1": {
                    "type": "null_resource",
                    "depends_on": [
                        "local.icp-ips",
                        "local.ssh_key"
                    ],
                    "primary": {
                        "id": "5792928026702312360",
                        "attributes": {
                            "id": "5792928026702312360"
                        },
                        "meta": {},
                        "tainted": false
                    },
                    "deposed": [],
                    "provider": "provider.null"
                },
                "null_resource.icp-cluster.0": {
                    "type": "null_resource",
                    "depends_on": [
                        "local.icp-ips",
                        "local.ssh_key",
                        "null_resource.icp-cluster-preconfig-hook-continue-on-fail",
                        "null_resource.icp-cluster-preconfig-hook-stop-on-fail",
                        "tls_private_key.icpkey"
                    ],
                    "primary": {
                        "id": "321488659493433354",
                        "attributes": {
                            "id": "321488659493433354"
                        },
                        "meta": {},
                        "tainted": false
                    },
                    "deposed": [],
                    "provider": "provider.null"
                },
                "null_resource.icp-cluster.1": {
                    "type": "null_resource",
                    "depends_on": [
                        "local.icp-ips",
                        "local.ssh_key",
                        "null_resource.icp-cluster-preconfig-hook-continue-on-fail",
                        "null_resource.icp-cluster-preconfig-hook-stop-on-fail",
                        "tls_private_key.icpkey"
                    ],
                    "primary": {
                        "id": "6324395878808173690",
                        "attributes": {
                            "id": "6324395878808173690"
                        },
                        "meta": {},
                        "tainted": false
                    },
                    "deposed": [],
                    "provider": "provider.null"
                },
                "null_resource.icp-config": {
                    "type": "null_resource",
                    "depends_on": [
                        "local.boot-node",
                        "local.ssh_key",
                        "null_resource.icp-boot",
                        "random_string.generated_password",
                        "tls_private_key.icpkey"
                    ],
                    "primary": {
                        "id": "8794475624700659919",
                        "attributes": {
                            "id": "8794475624700659919"
                        },
                        "meta": {},
                        "tainted": false
                    },
                    "deposed": [],
                    "provider": "provider.null"
                },
                "null_resource.icp-docker": {
                    "type": "null_resource",
                    "depends_on": [
                        "local.icp-ips",
                        "local.ssh_key",
                        "null_resource.icp-boot-preconfig-continue-on-fail",
                        "null_resource.icp-boot-preconfig-stop-on-fail",
                        "null_resource.icp-cluster"
                    ],
                    "primary": {
                        "id": "3125415115242048935",
                        "attributes": {
                            "id": "3125415115242048935"
                        },
                        "meta": {},
                        "tainted": false
                    },
                    "deposed": [],
                    "provider": "provider.null"
                },
                "null_resource.icp-generate-hosts-files": {
                    "type": "null_resource",
                    "depends_on": [
                        "local.boot-node",
                        "local.ssh_key",
                        "null_resource.icp-config"
                    ],
                    "primary": {
                        "id": "2561572250338620606",
                        "attributes": {
                            "id": "2561572250338620606"
                        },
                        "meta": {},
                        "tainted": false
                    },
                    "deposed": [],
                    "provider": "provider.null"
                },
                "null_resource.icp-image": {
                    "type": "null_resource",
                    "depends_on": [
                        "local.icp-ips",
                        "local.load_image_options",
                        "local.ssh_key",
                        "null_resource.icp-docker"
                    ],
                    "primary": {
                        "id": "4717519470418867083",
                        "attributes": {
                            "id": "4717519470418867083"
                        },
                        "meta": {},
                        "tainted": false
                    },
                    "deposed": [],
                    "provider": "provider.null"
                },
                "null_resource.icp-install": {
                    "type": "null_resource",
                    "depends_on": [
                        "local.boot-node",
                        "local.install_options",
                        "local.ssh_key",
                        "null_resource.icp-generate-hosts-files",
                        "null_resource.local-preinstall-hook-continue-on-fail",
                        "null_resource.local-preinstall-hook-stop-on-fail"
                    ],
                    "primary": {
                        "id": "157260807018387140",
                        "attributes": {
                            "id": "157260807018387140"
                        },
                        "meta": {},
                        "tainted": false
                    },
                    "deposed": [],
                    "provider": "provider.null"
                },
                "null_resource.icp-postinstall-hook-stop-on-fail": {
                    "type": "null_resource",
                    "depends_on": [
                        "local.boot-node",
                        "local.ssh_key",
                        "null_resource.icp-install"
                    ],
                    "primary": {
                        "id": "6131599370654117379",
                        "attributes": {
                            "id": "6131599370654117379"
                        },
                        "meta": {},
                        "tainted": false
                    },
                    "deposed": [],
                    "provider": "provider.null"
                },
                "null_resource.icp-preinstall-hook-stop-on-fail": {
                    "type": "null_resource",
                    "depends_on": [
                        "local.boot-node",
                        "local.ssh_key",
                        "null_resource.icp-generate-hosts-files"
                    ],
                    "primary": {
                        "id": "7406973164697692276",
                        "attributes": {
                            "id": "7406973164697692276"
                        },
                        "meta": {},
                        "tainted": false
                    },
                    "deposed": [],
                    "provider": "provider.null"
                },
                "null_resource.icp-worker-scaler": {
                    "type": "null_resource",
                    "depends_on": [
                        "local.boot-node",
                        "local.ssh_key",
                        "null_resource.icp-cluster",
                        "null_resource.icp-install"
                    ],
                    "primary": {
                        "id": "331380839229745604",
                        "attributes": {
                            "id": "331380839229745604",
                            "triggers.%": "1",
                            "triggers.workers": "10.56.0.53"
                        },
                        "meta": {},
                        "tainted": false
                    },
                    "deposed": [],
                    "provider": "provider.null"
                },
                "null_resource.local-postinstall-hook-stop-on-fail": {
                    "type": "null_resource",
                    "depends_on": [
                        "null_resource.icp-install"
                    ],
                    "primary": {
                        "id": "4381570236095506740",
                        "attributes": {
                            "id": "4381570236095506740"
                        },
                        "meta": {},
                        "tainted": false
                    },
                    "deposed": [],
                    "provider": "provider.null"
                },
                "null_resource.local-preinstall-hook-stop-on-fail": {
                    "type": "null_resource",
                    "depends_on": [
                        "null_resource.icp-preinstall-hook-continue-on-fail",
                        "null_resource.icp-preinstall-hook-stop-on-fail"
                    ],
                    "primary": {
                        "id": "1227383139550025309",
                        "attributes": {
                            "id": "1227383139550025309"
                        },
                        "meta": {},
                        "tainted": false
                    },
                    "deposed": [],
                    "provider": "provider.null"
                },
                "random_string.generated_password": {
                    "type": "random_string",
                    "depends_on": [],
                    "primary": {
                        "id": "none",
                        "attributes": {
                            "id": "none",
                            "length": "32",
                            "lower": "true",
                            "min_lower": "0",
                            "min_numeric": "0",
                            "min_special": "0",
                            "min_upper": "0",
                            "number": "true",
                            "result": "qKFZUECqKxj1473LYUpTFcAiooAok580",
                            "special": "false",
                            "upper": "true"
                        },
                        "meta": {
                            "schema_version": "1"
                        },
                        "tainted": false
                    },
                    "deposed": [],
                    "provider": "provider.random"
                },
                "tls_private_key.icpkey": {
                    "type": "tls_private_key",
                    "depends_on": [],
                    "primary": {
                        "id": "5b4d1afb4ae31c62486efeccbb7faa556d1a6d6e",
                        "attributes": {
                            "algorithm": "RSA",
                            "ecdsa_curve": "P224",
                            "id": "5b4d1afb4ae31c62486efeccbb7faa556d1a6d6e",
                            "private_key_pem": "-----BEGIN RSA PRIVATE KEY-----\nMIIEpgIBAAKCAQEA8NdF+WkMgs6zb1M0Bg4EpysrTyA/1SNhQxWrRoyhxqz+0YR3\nF9BLFFpMJe9DrWYiXOR7DngklecLNnnHhxpikJCePp8+Xvf7rrmcxo2S07/ef0OD\nfUxBMr+l5vrJaD6TSfW1fBYFBTzOgB4yw+sUm5V14rflrKzT2fN8t6BF9x8kF5bS\n3aD6POa1g1hsZW3Q3j021s/ivnTNNwWOrU/gcwfRMPYUA/sGgsUPDeCaqapRswg0\nU8obbRp1T2CCmFpJUY9d1+uFSw+uOxMWUqVzsJJgzBnNeYghbt0RguhtwUMbmkYo\nZC4V/1NxQn+d3PtTkEvrd1y+9Q322XWiwgk4dwIDAQABAoIBAQDhRTqaU3v0Tkrf\n8j9S+oG3q1VTKaMLRZCQIxCVaK1ZHC8s4m5Sw+22F8/qG6Z95m513PCNVCtEW1vN\nlJLg9/kBp4Ocp267fdDYWZ0eywVvMqR2/TtcU5sYUNJo/mKtMvqpzz311tLTV1D/\n3T82qggYjvA5JDGcFfwCfRFG4I8Q2Stj4wf+xz0Pib3aRGUw6r/9v9QkBV1A7wOB\n1yc3GewfgGEHAzVUrhAngLvcUUUEeXXOqIf4SstNAZVVtuOte+MK8ZD8dJ+Qa3Gd\nvydmXxoEJwfkkwfETQajhNtT7LuTsRdJfmGvCGq/+b/+koTWcj7J+yKuBLOz/nOt\ns0sNfIIhAoGBAPRxs3IozkwxZ2xac/R2H/nM59sXkPClpv8Pl+uXAbToPt6iQLx8\nLRfiCQaGze8Ci438IEIqnYE2CjoieAtoVN9ePZbnqFLfJ2H6G/ZEwdUEf40vQdK/\nFuVjAVZ0mflz/XzmtIcl4S5ZQzDHdxTFppJ1gH36U7G8m16AOCXrIzOFAoGBAPw5\n9yxhKzt45shQ7J9nD36H0iKEbBffls+8xi82tTD/pi7H0iOyOGNNyrPlpoB2u6EN\nOfBAyH4eWnlR6Hn5yF9hmf3wUpT5niddYHonOELVKa2x0AbKueNKtCDrBpv9kiYI\nSc2OG1noS6/7u5iSiEQ8YTui/bf5LYW9J81AtUbLAoGBAJIphoYFVk2C4PeOInWT\nSE1is2Ry8+yg8Hjkxw9MrO2STT1sQU8y5Pe55XGsm2iF2hJdJqDJwIIpYPYf9C3G\nBbHGNQeNnz1mR7MzDRM1S71mwioWjsJIFpW0nHEoqYTaUUEk5d9FzB6dqyp4qoCW\nKqK6dcleLDtDrpdUDb7GmbbNAoGBAKpktnjCxCQPT0lwcgpV43/FXc53y1ZtdEKu\n8uwed1W8v5XG5E29Lp7XhOL3d/49OBBbERMfkNKyysg+72DHv/e/xfppikCeSZuq\nV2zuZfGwc9Gl2DVeayoD46CBZhunuD39R26YXB3m8orW8yrlgy0l5UIWoHTS31AE\nM4lT96L1AoGBAKhgYGiMn7ZVz2MeIL04/ExOP2St8D1uVHD2o/ekKw4HPskxaJv5\nTtYHOPBwEtvQYZIyJFj8wfa1io1IAu8gBDlNwBHpszT61AABrEoloipoX9G3Ozcf\nk5OXskqsAxxr6n7wNdwbIDYZge0Gng13OXNRfvAe0XDXNXGxx+g9r6YN\n-----END RSA PRIVATE KEY-----\n",
                            "public_key_fingerprint_md5": "9d:af:85:21:56:8a:e5:42:61:e8:4f:eb:f8:61:f3:5a",
                            "public_key_openssh": "ssh-rsa AAAAB3NzaC1yc2EAAAADAQABAAABAQDw10X5aQyCzrNvUzQGDgSnKytPID/VI2FDFatGjKHGrP7RhHcX0EsUWkwl70OtZiJc5HsOeCSV5ws2eceHGmKQkJ4+nz5e9/uuuZzGjZLTv95/Q4N9TEEyv6Xm+sloPpNJ9bV8FgUFPM6AHjLD6xSblXXit+WsrNPZ83y3oEX3HyQXltLdoPo85rWDWGxlbdDePTbWz+K+dM03BY6tT+BzB9Ew9hQD+waCxQ8N4JqpqlGzCDRTyhttGnVPYIKYWklRj13X64VLD647ExZSpXOwkmDMGc15iCFu3RGC6G3BQxuaRihkLhX/U3FCf53c+1OQS+t3XL71DfbZdaLCCTh3\n",
                            "public_key_pem": "-----BEGIN PUBLIC KEY-----\nMIIBIjANBgkqhkiG9w0BAQEFAAOCAQ8AMIIBCgKCAQEA8NdF+WkMgs6zb1M0Bg4E\npysrTyA/1SNhQxWrRoyhxqz+0YR3F9BLFFpMJe9DrWYiXOR7DngklecLNnnHhxpi\nkJCePp8+Xvf7rrmcxo2S07/ef0ODfUxBMr+l5vrJaD6TSfW1fBYFBTzOgB4yw+sU\nm5V14rflrKzT2fN8t6BF9x8kF5bS3aD6POa1g1hsZW3Q3j021s/ivnTNNwWOrU/g\ncwfRMPYUA/sGgsUPDeCaqapRswg0U8obbRp1T2CCmFpJUY9d1+uFSw+uOxMWUqVz\nsJJgzBnNeYghbt0RguhtwUMbmkYoZC4V/1NxQn+d3PtTkEvrd1y+9Q322XWiwgk4\ndwIDAQAB\n-----END PUBLIC KEY-----\n",
                            "rsa_bits": "2048"
                        },
                        "meta": {},
                        "tainted": false
                    },
                    "deposed": [],
                    "provider": "provider.tls"
                }
            },
            "depends_on": []
        },
        {
            "path": [
                "root",
                "mcm_install"
            ],
            "outputs": {},
            "resources": {
                "null_resource.mcm_install": {
                    "type": "null_resource",
                    "depends_on": [
                        "null_resource.mcm_install_wait"
                    ],
                    "primary": {
                        "id": "5301799057399051865",
                        "attributes": {
                            "id": "5301799057399051865"
                        },
                        "meta": {},
                        "tainted": false
                    },
                    "deposed": [],
                    "provider": "provider.null"
                },
                "null_resource.mcm_install_wait": {
                    "type": "null_resource",
                    "depends_on": [],
                    "primary": {
                        "id": "4807870097776320866",
                        "attributes": {
                            "id": "4807870097776320866"
                        },
                        "meta": {},
                        "tainted": false
                    },
                    "deposed": [],
                    "provider": "provider.null"
                }
            },
            "depends_on": []
        }
    ]
}
